
Microsoft Visual Studio Solution File, Format Version 12.00
# Visual Studio Version 17
VisualStudioVersion = 17.0.31606.5
MinimumVisualStudioVersion = 10.0.40219.1
Project("{2150E333-8FDC-42A3-9474-1A3956D46DE8}") = "Libraries", "Libraries", "{162FE1A9-890A-4101-AFF8-54F6B1483882}"
EndProject
Project("{9A19103F-16F7-4668-BE54-9A1E7A4F7556}") = "UnifiedUpdatePlatform.Common.Messaging", "src\UnifiedUpdatePlatform.Common.Messaging\UnifiedUpdatePlatform.Common.Messaging.csproj", "{F74C9D30-95F1-4A07-BA85-F5DA26824B40}"
EndProject
Project("{9A19103F-16F7-4668-BE54-9A1E7A4F7556}") = "UnifiedUpdatePlatform.Media.Creator", "src\UnifiedUpdatePlatform.Media.Creator\UnifiedUpdatePlatform.Media.Creator.csproj", "{464E542C-2E57-46BB-8BEC-4A77E0228A17}"
EndProject
Project("{9A19103F-16F7-4668-BE54-9A1E7A4F7556}") = "Microsoft.Dism", "thirdparty\Microsoft.Dism\Microsoft.Dism.csproj", "{C3E27D93-4CCE-4EC3-8935-9AED651B233E}"
EndProject
Project("{9A19103F-16F7-4668-BE54-9A1E7A4F7556}") = "VirtualHardDiskLib", "src\VirtualHardDiskLib\VirtualHardDiskLib.csproj", "{6B098DD6-800B-42DF-9309-DB29C64DDD29}"
EndProject
Project("{9A19103F-16F7-4668-BE54-9A1E7A4F7556}") = "Microsoft.Wim", "thirdparty\Microsoft.Wim\Microsoft.Wim.csproj", "{5E74B6C3-20F3-4ED8-A1E5-98325B77A515}"
EndProject
Project("{9A19103F-16F7-4668-BE54-9A1E7A4F7556}") = "Privileges", "thirdparty\Privileges\Privileges.csproj", "{43C8BFCA-DB35-41F6-8602-A3E99BDD8EC6}"
EndProject
Project("{9A19103F-16F7-4668-BE54-9A1E7A4F7556}") = "UnifiedUpdatePlatform.Services.Imaging", "src\UnifiedUpdatePlatform.Imaging\UnifiedUpdatePlatform.Services.Imaging.csproj", "{6A920E9F-BC98-4EAA-AA9B-2C9FA82443E9}"
EndProject
Project("{9A19103F-16F7-4668-BE54-9A1E7A4F7556}") = "UnifiedUpdatePlatform.Services.WindowsUpdate", "src\UnifiedUpdatePlatform.Services.WindowsUpdate\UnifiedUpdatePlatform.Services.WindowsUpdate.csproj", "{B601B162-CDCD-492A-A8CF-747E0D3F6F83}"
EndProject
Project("{9A19103F-16F7-4668-BE54-9A1E7A4F7556}") = "UnifiedUpdatePlatform.Media.Creator.Planning", "src\UnifiedUpdatePlatform.Media.Creator.Planning\UnifiedUpdatePlatform.Media.Creator.Planning.csproj", "{6FA4B632-E5EB-4DFF-9E11-F1093BDEAA6F}"
EndProject
Project("{9A19103F-16F7-4668-BE54-9A1E7A4F7556}") = "UnifiedUpdatePlatform.Services.Composition.Database", "src\CompDB\UnifiedUpdatePlatform.Services.Composition.Database.csproj", "{A5EF8678-B621-451A-B58E-D1AFDD92751B}"
EndProject
Project("{9A19103F-16F7-4668-BE54-9A1E7A4F7556}") = "UUPMediaConverter", "src\Applications\UUPMediaConverter\UUPMediaConverter.csproj", "{0BAE9C75-B86F-4976-B24D-7A4B54853342}"
EndProject
Project("{9A19103F-16F7-4668-BE54-9A1E7A4F7556}") = "UUPDownload", "src\Applications\UUPDownload\UUPDownload.csproj", "{67CB3F20-E40A-41F8-B159-A8857A7DC409}"
EndProject
Project("{2150E333-8FDC-42A3-9474-1A3956D46DE8}") = "CLI", "CLI", "{C4A7DBD6-6FB5-410A-9252-922C7909C82C}"
EndProject
Project("{9A19103F-16F7-4668-BE54-9A1E7A4F7556}") = "UnifiedUpdatePlatform.Services.WindowsUpdate.Downloads", "src\UnifiedUpdatePlatform.Services.WindowsUpdate.Downloads\UnifiedUpdatePlatform.Services.WindowsUpdate.Downloads.csproj", "{FE5F05DF-B9A1-4EE8-9EFF-FEF6C26075AF}"
EndProject
Project("{9A19103F-16F7-4668-BE54-9A1E7A4F7556}") = "Cabinet", "src\Cabinet\Cabinet.csproj", "{C5835DCF-1A20-414B-865A-AA3F8CACE62D}"
EndProject
Project("{9A19103F-16F7-4668-BE54-9A1E7A4F7556}") = "Microsoft.StoreServices.DisplayCatalog", "src\Microsoft.StoreServices.DisplayCatalog\Microsoft.StoreServices.DisplayCatalog.csproj", "{09F6A782-B790-4734-82BD-2685AACC489F}"
EndProject
Project("{9A19103F-16F7-4668-BE54-9A1E7A4F7556}") = "UnifiedUpdatePlatform.Services.Temp", "src\TempManager\UnifiedUpdatePlatform.Services.Temp.csproj", "{1AAC4923-A4E5-41D9-87FA-CFB028F802E5}"
EndProject
Project("{9A19103F-16F7-4668-BE54-9A1E7A4F7556}") = "Windows.Internal.Flighting", "src\Windows.Internal.Flighting\Windows.Internal.Flighting.csproj", "{B86CE874-B470-4294-BF98-21BB603E1F46}"
EndProject
Project("{9A19103F-16F7-4668-BE54-9A1E7A4F7556}") = "Playground", "src\Applications\Playground\Playground.csproj", "{CB4B918C-3DBD-40AA-99F7-83EF033DB8A8}"
EndProject
Global
	GlobalSection(SolutionConfigurationPlatforms) = preSolution
		Debug|Any CPU = Debug|Any CPU
		Debug|ARM = Debug|ARM
		Debug|arm64 = Debug|arm64
		Debug|x64 = Debug|x64
		Debug|x86 = Debug|x86
		Release|Any CPU = Release|Any CPU
		Release|ARM = Release|ARM
		Release|arm64 = Release|arm64
		Release|x64 = Release|x64
		Release|x86 = Release|x86
	EndGlobalSection
	GlobalSection(ProjectConfigurationPlatforms) = postSolution
		{F74C9D30-95F1-4A07-BA85-F5DA26824B40}.Debug|Any CPU.ActiveCfg = Debug|Any CPU
		{F74C9D30-95F1-4A07-BA85-F5DA26824B40}.Debug|Any CPU.Build.0 = Debug|Any CPU
		{F74C9D30-95F1-4A07-BA85-F5DA26824B40}.Debug|ARM.ActiveCfg = Debug|Any CPU
		{F74C9D30-95F1-4A07-BA85-F5DA26824B40}.Debug|ARM.Build.0 = Debug|Any CPU
		{F74C9D30-95F1-4A07-BA85-F5DA26824B40}.Debug|arm64.ActiveCfg = Debug|arm64
		{F74C9D30-95F1-4A07-BA85-F5DA26824B40}.Debug|arm64.Build.0 = Debug|arm64
		{F74C9D30-95F1-4A07-BA85-F5DA26824B40}.Debug|x64.ActiveCfg = Debug|x64
		{F74C9D30-95F1-4A07-BA85-F5DA26824B40}.Debug|x64.Build.0 = Debug|x64
		{F74C9D30-95F1-4A07-BA85-F5DA26824B40}.Debug|x86.ActiveCfg = Debug|x86
		{F74C9D30-95F1-4A07-BA85-F5DA26824B40}.Debug|x86.Build.0 = Debug|x86
		{F74C9D30-95F1-4A07-BA85-F5DA26824B40}.Release|Any CPU.ActiveCfg = Release|Any CPU
		{F74C9D30-95F1-4A07-BA85-F5DA26824B40}.Release|Any CPU.Build.0 = Release|Any CPU
		{F74C9D30-95F1-4A07-BA85-F5DA26824B40}.Release|ARM.ActiveCfg = Release|Any CPU
		{F74C9D30-95F1-4A07-BA85-F5DA26824B40}.Release|ARM.Build.0 = Release|Any CPU
		{F74C9D30-95F1-4A07-BA85-F5DA26824B40}.Release|arm64.ActiveCfg = Release|arm64
		{F74C9D30-95F1-4A07-BA85-F5DA26824B40}.Release|arm64.Build.0 = Release|arm64
		{F74C9D30-95F1-4A07-BA85-F5DA26824B40}.Release|x64.ActiveCfg = Release|x64
		{F74C9D30-95F1-4A07-BA85-F5DA26824B40}.Release|x64.Build.0 = Release|x64
		{F74C9D30-95F1-4A07-BA85-F5DA26824B40}.Release|x86.ActiveCfg = Release|x86
		{F74C9D30-95F1-4A07-BA85-F5DA26824B40}.Release|x86.Build.0 = Release|x86
		{464E542C-2E57-46BB-8BEC-4A77E0228A17}.Debug|Any CPU.ActiveCfg = Debug|Any CPU
		{464E542C-2E57-46BB-8BEC-4A77E0228A17}.Debug|Any CPU.Build.0 = Debug|Any CPU
		{464E542C-2E57-46BB-8BEC-4A77E0228A17}.Debug|ARM.ActiveCfg = Debug|Any CPU
		{464E542C-2E57-46BB-8BEC-4A77E0228A17}.Debug|ARM.Build.0 = Debug|Any CPU
		{464E542C-2E57-46BB-8BEC-4A77E0228A17}.Debug|arm64.ActiveCfg = Debug|arm64
		{464E542C-2E57-46BB-8BEC-4A77E0228A17}.Debug|arm64.Build.0 = Debug|arm64
		{464E542C-2E57-46BB-8BEC-4A77E0228A17}.Debug|x64.ActiveCfg = Debug|x64
		{464E542C-2E57-46BB-8BEC-4A77E0228A17}.Debug|x64.Build.0 = Debug|x64
		{464E542C-2E57-46BB-8BEC-4A77E0228A17}.Debug|x86.ActiveCfg = Debug|x86
		{464E542C-2E57-46BB-8BEC-4A77E0228A17}.Debug|x86.Build.0 = Debug|x86
		{464E542C-2E57-46BB-8BEC-4A77E0228A17}.Release|Any CPU.ActiveCfg = Release|Any CPU
		{464E542C-2E57-46BB-8BEC-4A77E0228A17}.Release|Any CPU.Build.0 = Release|Any CPU
		{464E542C-2E57-46BB-8BEC-4A77E0228A17}.Release|ARM.ActiveCfg = Release|Any CPU
		{464E542C-2E57-46BB-8BEC-4A77E0228A17}.Release|ARM.Build.0 = Release|Any CPU
		{464E542C-2E57-46BB-8BEC-4A77E0228A17}.Release|arm64.ActiveCfg = Release|arm64
		{464E542C-2E57-46BB-8BEC-4A77E0228A17}.Release|arm64.Build.0 = Release|arm64
		{464E542C-2E57-46BB-8BEC-4A77E0228A17}.Release|x64.ActiveCfg = Release|x64
		{464E542C-2E57-46BB-8BEC-4A77E0228A17}.Release|x64.Build.0 = Release|x64
		{464E542C-2E57-46BB-8BEC-4A77E0228A17}.Release|x86.ActiveCfg = Release|x86
		{464E542C-2E57-46BB-8BEC-4A77E0228A17}.Release|x86.Build.0 = Release|x86
		{C3E27D93-4CCE-4EC3-8935-9AED651B233E}.Debug|Any CPU.ActiveCfg = Debug|Any CPU
		{C3E27D93-4CCE-4EC3-8935-9AED651B233E}.Debug|Any CPU.Build.0 = Debug|Any CPU
		{C3E27D93-4CCE-4EC3-8935-9AED651B233E}.Debug|ARM.ActiveCfg = Debug|Any CPU
		{C3E27D93-4CCE-4EC3-8935-9AED651B233E}.Debug|ARM.Build.0 = Debug|Any CPU
		{C3E27D93-4CCE-4EC3-8935-9AED651B233E}.Debug|arm64.ActiveCfg = Debug|arm64
		{C3E27D93-4CCE-4EC3-8935-9AED651B233E}.Debug|arm64.Build.0 = Debug|arm64
		{C3E27D93-4CCE-4EC3-8935-9AED651B233E}.Debug|x64.ActiveCfg = Debug|x64
		{C3E27D93-4CCE-4EC3-8935-9AED651B233E}.Debug|x64.Build.0 = Debug|x64
		{C3E27D93-4CCE-4EC3-8935-9AED651B233E}.Debug|x86.ActiveCfg = Debug|x86
		{C3E27D93-4CCE-4EC3-8935-9AED651B233E}.Debug|x86.Build.0 = Debug|x86
		{C3E27D93-4CCE-4EC3-8935-9AED651B233E}.Release|Any CPU.ActiveCfg = Release|Any CPU
		{C3E27D93-4CCE-4EC3-8935-9AED651B233E}.Release|Any CPU.Build.0 = Release|Any CPU
		{C3E27D93-4CCE-4EC3-8935-9AED651B233E}.Release|ARM.ActiveCfg = Release|Any CPU
		{C3E27D93-4CCE-4EC3-8935-9AED651B233E}.Release|ARM.Build.0 = Release|Any CPU
		{C3E27D93-4CCE-4EC3-8935-9AED651B233E}.Release|arm64.ActiveCfg = Release|arm64
		{C3E27D93-4CCE-4EC3-8935-9AED651B233E}.Release|arm64.Build.0 = Release|arm64
		{C3E27D93-4CCE-4EC3-8935-9AED651B233E}.Release|x64.ActiveCfg = Release|x64
		{C3E27D93-4CCE-4EC3-8935-9AED651B233E}.Release|x64.Build.0 = Release|x64
		{C3E27D93-4CCE-4EC3-8935-9AED651B233E}.Release|x86.ActiveCfg = Release|x86
		{C3E27D93-4CCE-4EC3-8935-9AED651B233E}.Release|x86.Build.0 = Release|x86
		{6B098DD6-800B-42DF-9309-DB29C64DDD29}.Debug|Any CPU.ActiveCfg = Debug|Any CPU
		{6B098DD6-800B-42DF-9309-DB29C64DDD29}.Debug|Any CPU.Build.0 = Debug|Any CPU
		{6B098DD6-800B-42DF-9309-DB29C64DDD29}.Debug|ARM.ActiveCfg = Debug|Any CPU
		{6B098DD6-800B-42DF-9309-DB29C64DDD29}.Debug|ARM.Build.0 = Debug|Any CPU
		{6B098DD6-800B-42DF-9309-DB29C64DDD29}.Debug|arm64.ActiveCfg = Debug|arm64
		{6B098DD6-800B-42DF-9309-DB29C64DDD29}.Debug|arm64.Build.0 = Debug|arm64
		{6B098DD6-800B-42DF-9309-DB29C64DDD29}.Debug|x64.ActiveCfg = Debug|x64
		{6B098DD6-800B-42DF-9309-DB29C64DDD29}.Debug|x64.Build.0 = Debug|x64
		{6B098DD6-800B-42DF-9309-DB29C64DDD29}.Debug|x86.ActiveCfg = Debug|x86
		{6B098DD6-800B-42DF-9309-DB29C64DDD29}.Debug|x86.Build.0 = Debug|x86
		{6B098DD6-800B-42DF-9309-DB29C64DDD29}.Release|Any CPU.ActiveCfg = Release|Any CPU
		{6B098DD6-800B-42DF-9309-DB29C64DDD29}.Release|Any CPU.Build.0 = Release|Any CPU
		{6B098DD6-800B-42DF-9309-DB29C64DDD29}.Release|ARM.ActiveCfg = Release|Any CPU
		{6B098DD6-800B-42DF-9309-DB29C64DDD29}.Release|ARM.Build.0 = Release|Any CPU
		{6B098DD6-800B-42DF-9309-DB29C64DDD29}.Release|arm64.ActiveCfg = Release|arm64
		{6B098DD6-800B-42DF-9309-DB29C64DDD29}.Release|arm64.Build.0 = Release|arm64
		{6B098DD6-800B-42DF-9309-DB29C64DDD29}.Release|x64.ActiveCfg = Release|x64
		{6B098DD6-800B-42DF-9309-DB29C64DDD29}.Release|x64.Build.0 = Release|x64
		{6B098DD6-800B-42DF-9309-DB29C64DDD29}.Release|x86.ActiveCfg = Release|x86
		{6B098DD6-800B-42DF-9309-DB29C64DDD29}.Release|x86.Build.0 = Release|x86
		{5E74B6C3-20F3-4ED8-A1E5-98325B77A515}.Debug|Any CPU.ActiveCfg = Debug|Any CPU
		{5E74B6C3-20F3-4ED8-A1E5-98325B77A515}.Debug|Any CPU.Build.0 = Debug|Any CPU
		{5E74B6C3-20F3-4ED8-A1E5-98325B77A515}.Debug|ARM.ActiveCfg = Debug|Any CPU
		{5E74B6C3-20F3-4ED8-A1E5-98325B77A515}.Debug|ARM.Build.0 = Debug|Any CPU
		{5E74B6C3-20F3-4ED8-A1E5-98325B77A515}.Debug|arm64.ActiveCfg = Debug|arm64
		{5E74B6C3-20F3-4ED8-A1E5-98325B77A515}.Debug|arm64.Build.0 = Debug|arm64
		{5E74B6C3-20F3-4ED8-A1E5-98325B77A515}.Debug|x64.ActiveCfg = Debug|x64
		{5E74B6C3-20F3-4ED8-A1E5-98325B77A515}.Debug|x64.Build.0 = Debug|x64
		{5E74B6C3-20F3-4ED8-A1E5-98325B77A515}.Debug|x86.ActiveCfg = Debug|x86
		{5E74B6C3-20F3-4ED8-A1E5-98325B77A515}.Debug|x86.Build.0 = Debug|x86
		{5E74B6C3-20F3-4ED8-A1E5-98325B77A515}.Release|Any CPU.ActiveCfg = Release|Any CPU
		{5E74B6C3-20F3-4ED8-A1E5-98325B77A515}.Release|Any CPU.Build.0 = Release|Any CPU
		{5E74B6C3-20F3-4ED8-A1E5-98325B77A515}.Release|ARM.ActiveCfg = Release|Any CPU
		{5E74B6C3-20F3-4ED8-A1E5-98325B77A515}.Release|ARM.Build.0 = Release|Any CPU
		{5E74B6C3-20F3-4ED8-A1E5-98325B77A515}.Release|arm64.ActiveCfg = Release|arm64
		{5E74B6C3-20F3-4ED8-A1E5-98325B77A515}.Release|arm64.Build.0 = Release|arm64
		{5E74B6C3-20F3-4ED8-A1E5-98325B77A515}.Release|x64.ActiveCfg = Release|x64
		{5E74B6C3-20F3-4ED8-A1E5-98325B77A515}.Release|x64.Build.0 = Release|x64
		{5E74B6C3-20F3-4ED8-A1E5-98325B77A515}.Release|x86.ActiveCfg = Release|x86
		{5E74B6C3-20F3-4ED8-A1E5-98325B77A515}.Release|x86.Build.0 = Release|x86
		{43C8BFCA-DB35-41F6-8602-A3E99BDD8EC6}.Debug|Any CPU.ActiveCfg = Debug|Any CPU
		{43C8BFCA-DB35-41F6-8602-A3E99BDD8EC6}.Debug|Any CPU.Build.0 = Debug|Any CPU
		{43C8BFCA-DB35-41F6-8602-A3E99BDD8EC6}.Debug|ARM.ActiveCfg = Debug|Any CPU
		{43C8BFCA-DB35-41F6-8602-A3E99BDD8EC6}.Debug|ARM.Build.0 = Debug|Any CPU
		{43C8BFCA-DB35-41F6-8602-A3E99BDD8EC6}.Debug|arm64.ActiveCfg = Debug|arm64
		{43C8BFCA-DB35-41F6-8602-A3E99BDD8EC6}.Debug|arm64.Build.0 = Debug|arm64
		{43C8BFCA-DB35-41F6-8602-A3E99BDD8EC6}.Debug|x64.ActiveCfg = Debug|x64
		{43C8BFCA-DB35-41F6-8602-A3E99BDD8EC6}.Debug|x64.Build.0 = Debug|x64
		{43C8BFCA-DB35-41F6-8602-A3E99BDD8EC6}.Debug|x86.ActiveCfg = Debug|x86
		{43C8BFCA-DB35-41F6-8602-A3E99BDD8EC6}.Debug|x86.Build.0 = Debug|x86
		{43C8BFCA-DB35-41F6-8602-A3E99BDD8EC6}.Release|Any CPU.ActiveCfg = Release|Any CPU
		{43C8BFCA-DB35-41F6-8602-A3E99BDD8EC6}.Release|Any CPU.Build.0 = Release|Any CPU
		{43C8BFCA-DB35-41F6-8602-A3E99BDD8EC6}.Release|ARM.ActiveCfg = Release|Any CPU
		{43C8BFCA-DB35-41F6-8602-A3E99BDD8EC6}.Release|ARM.Build.0 = Release|Any CPU
		{43C8BFCA-DB35-41F6-8602-A3E99BDD8EC6}.Release|arm64.ActiveCfg = Release|arm64
		{43C8BFCA-DB35-41F6-8602-A3E99BDD8EC6}.Release|arm64.Build.0 = Release|arm64
		{43C8BFCA-DB35-41F6-8602-A3E99BDD8EC6}.Release|x64.ActiveCfg = Release|x64
		{43C8BFCA-DB35-41F6-8602-A3E99BDD8EC6}.Release|x64.Build.0 = Release|x64
		{43C8BFCA-DB35-41F6-8602-A3E99BDD8EC6}.Release|x86.ActiveCfg = Release|x86
		{43C8BFCA-DB35-41F6-8602-A3E99BDD8EC6}.Release|x86.Build.0 = Release|x86
		{6A920E9F-BC98-4EAA-AA9B-2C9FA82443E9}.Debug|Any CPU.ActiveCfg = Debug|Any CPU
		{6A920E9F-BC98-4EAA-AA9B-2C9FA82443E9}.Debug|Any CPU.Build.0 = Debug|Any CPU
		{6A920E9F-BC98-4EAA-AA9B-2C9FA82443E9}.Debug|ARM.ActiveCfg = Debug|Any CPU
		{6A920E9F-BC98-4EAA-AA9B-2C9FA82443E9}.Debug|ARM.Build.0 = Debug|Any CPU
		{6A920E9F-BC98-4EAA-AA9B-2C9FA82443E9}.Debug|arm64.ActiveCfg = Debug|arm64
		{6A920E9F-BC98-4EAA-AA9B-2C9FA82443E9}.Debug|arm64.Build.0 = Debug|arm64
		{6A920E9F-BC98-4EAA-AA9B-2C9FA82443E9}.Debug|x64.ActiveCfg = Debug|x64
		{6A920E9F-BC98-4EAA-AA9B-2C9FA82443E9}.Debug|x64.Build.0 = Debug|x64
		{6A920E9F-BC98-4EAA-AA9B-2C9FA82443E9}.Debug|x86.ActiveCfg = Debug|x86
		{6A920E9F-BC98-4EAA-AA9B-2C9FA82443E9}.Debug|x86.Build.0 = Debug|x86
		{6A920E9F-BC98-4EAA-AA9B-2C9FA82443E9}.Release|Any CPU.ActiveCfg = Release|Any CPU
		{6A920E9F-BC98-4EAA-AA9B-2C9FA82443E9}.Release|Any CPU.Build.0 = Release|Any CPU
		{6A920E9F-BC98-4EAA-AA9B-2C9FA82443E9}.Release|ARM.ActiveCfg = Release|Any CPU
		{6A920E9F-BC98-4EAA-AA9B-2C9FA82443E9}.Release|ARM.Build.0 = Release|Any CPU
		{6A920E9F-BC98-4EAA-AA9B-2C9FA82443E9}.Release|arm64.ActiveCfg = Release|arm64
		{6A920E9F-BC98-4EAA-AA9B-2C9FA82443E9}.Release|arm64.Build.0 = Release|arm64
		{6A920E9F-BC98-4EAA-AA9B-2C9FA82443E9}.Release|x64.ActiveCfg = Release|x64
		{6A920E9F-BC98-4EAA-AA9B-2C9FA82443E9}.Release|x64.Build.0 = Release|x64
		{6A920E9F-BC98-4EAA-AA9B-2C9FA82443E9}.Release|x86.ActiveCfg = Release|x86
		{6A920E9F-BC98-4EAA-AA9B-2C9FA82443E9}.Release|x86.Build.0 = Release|x86
		{B601B162-CDCD-492A-A8CF-747E0D3F6F83}.Debug|Any CPU.ActiveCfg = Debug|Any CPU
		{B601B162-CDCD-492A-A8CF-747E0D3F6F83}.Debug|Any CPU.Build.0 = Debug|Any CPU
		{B601B162-CDCD-492A-A8CF-747E0D3F6F83}.Debug|ARM.ActiveCfg = Debug|Any CPU
		{B601B162-CDCD-492A-A8CF-747E0D3F6F83}.Debug|ARM.Build.0 = Debug|Any CPU
		{B601B162-CDCD-492A-A8CF-747E0D3F6F83}.Debug|arm64.ActiveCfg = Debug|arm64
		{B601B162-CDCD-492A-A8CF-747E0D3F6F83}.Debug|arm64.Build.0 = Debug|arm64
		{B601B162-CDCD-492A-A8CF-747E0D3F6F83}.Debug|x64.ActiveCfg = Debug|x64
		{B601B162-CDCD-492A-A8CF-747E0D3F6F83}.Debug|x64.Build.0 = Debug|x64
		{B601B162-CDCD-492A-A8CF-747E0D3F6F83}.Debug|x86.ActiveCfg = Debug|x86
		{B601B162-CDCD-492A-A8CF-747E0D3F6F83}.Debug|x86.Build.0 = Debug|x86
		{B601B162-CDCD-492A-A8CF-747E0D3F6F83}.Release|Any CPU.ActiveCfg = Release|Any CPU
		{B601B162-CDCD-492A-A8CF-747E0D3F6F83}.Release|Any CPU.Build.0 = Release|Any CPU
		{B601B162-CDCD-492A-A8CF-747E0D3F6F83}.Release|ARM.ActiveCfg = Release|Any CPU
		{B601B162-CDCD-492A-A8CF-747E0D3F6F83}.Release|ARM.Build.0 = Release|Any CPU
		{B601B162-CDCD-492A-A8CF-747E0D3F6F83}.Release|arm64.ActiveCfg = Release|arm64
		{B601B162-CDCD-492A-A8CF-747E0D3F6F83}.Release|arm64.Build.0 = Release|arm64
		{B601B162-CDCD-492A-A8CF-747E0D3F6F83}.Release|x64.ActiveCfg = Release|x64
		{B601B162-CDCD-492A-A8CF-747E0D3F6F83}.Release|x64.Build.0 = Release|x64
		{B601B162-CDCD-492A-A8CF-747E0D3F6F83}.Release|x86.ActiveCfg = Release|x86
		{B601B162-CDCD-492A-A8CF-747E0D3F6F83}.Release|x86.Build.0 = Release|x86
		{6FA4B632-E5EB-4DFF-9E11-F1093BDEAA6F}.Debug|Any CPU.ActiveCfg = Debug|Any CPU
		{6FA4B632-E5EB-4DFF-9E11-F1093BDEAA6F}.Debug|Any CPU.Build.0 = Debug|Any CPU
		{6FA4B632-E5EB-4DFF-9E11-F1093BDEAA6F}.Debug|ARM.ActiveCfg = Debug|Any CPU
		{6FA4B632-E5EB-4DFF-9E11-F1093BDEAA6F}.Debug|ARM.Build.0 = Debug|Any CPU
		{6FA4B632-E5EB-4DFF-9E11-F1093BDEAA6F}.Debug|arm64.ActiveCfg = Debug|arm64
		{6FA4B632-E5EB-4DFF-9E11-F1093BDEAA6F}.Debug|arm64.Build.0 = Debug|arm64
		{6FA4B632-E5EB-4DFF-9E11-F1093BDEAA6F}.Debug|x64.ActiveCfg = Debug|x64
		{6FA4B632-E5EB-4DFF-9E11-F1093BDEAA6F}.Debug|x64.Build.0 = Debug|x64
		{6FA4B632-E5EB-4DFF-9E11-F1093BDEAA6F}.Debug|x86.ActiveCfg = Debug|x86
		{6FA4B632-E5EB-4DFF-9E11-F1093BDEAA6F}.Debug|x86.Build.0 = Debug|x86
		{6FA4B632-E5EB-4DFF-9E11-F1093BDEAA6F}.Release|Any CPU.ActiveCfg = Release|Any CPU
		{6FA4B632-E5EB-4DFF-9E11-F1093BDEAA6F}.Release|Any CPU.Build.0 = Release|Any CPU
		{6FA4B632-E5EB-4DFF-9E11-F1093BDEAA6F}.Release|ARM.ActiveCfg = Release|Any CPU
		{6FA4B632-E5EB-4DFF-9E11-F1093BDEAA6F}.Release|ARM.Build.0 = Release|Any CPU
		{6FA4B632-E5EB-4DFF-9E11-F1093BDEAA6F}.Release|arm64.ActiveCfg = Release|arm64
		{6FA4B632-E5EB-4DFF-9E11-F1093BDEAA6F}.Release|arm64.Build.0 = Release|arm64
		{6FA4B632-E5EB-4DFF-9E11-F1093BDEAA6F}.Release|x64.ActiveCfg = Release|x64
		{6FA4B632-E5EB-4DFF-9E11-F1093BDEAA6F}.Release|x64.Build.0 = Release|x64
		{6FA4B632-E5EB-4DFF-9E11-F1093BDEAA6F}.Release|x86.ActiveCfg = Release|x86
		{6FA4B632-E5EB-4DFF-9E11-F1093BDEAA6F}.Release|x86.Build.0 = Release|x86
		{A5EF8678-B621-451A-B58E-D1AFDD92751B}.Debug|Any CPU.ActiveCfg = Debug|Any CPU
		{A5EF8678-B621-451A-B58E-D1AFDD92751B}.Debug|Any CPU.Build.0 = Debug|Any CPU
		{A5EF8678-B621-451A-B58E-D1AFDD92751B}.Debug|ARM.ActiveCfg = Debug|Any CPU
		{A5EF8678-B621-451A-B58E-D1AFDD92751B}.Debug|ARM.Build.0 = Debug|Any CPU
		{A5EF8678-B621-451A-B58E-D1AFDD92751B}.Debug|arm64.ActiveCfg = Debug|arm64
		{A5EF8678-B621-451A-B58E-D1AFDD92751B}.Debug|arm64.Build.0 = Debug|arm64
		{A5EF8678-B621-451A-B58E-D1AFDD92751B}.Debug|x64.ActiveCfg = Debug|x64
		{A5EF8678-B621-451A-B58E-D1AFDD92751B}.Debug|x64.Build.0 = Debug|x64
		{A5EF8678-B621-451A-B58E-D1AFDD92751B}.Debug|x86.ActiveCfg = Debug|x86
		{A5EF8678-B621-451A-B58E-D1AFDD92751B}.Debug|x86.Build.0 = Debug|x86
		{A5EF8678-B621-451A-B58E-D1AFDD92751B}.Release|Any CPU.ActiveCfg = Release|Any CPU
		{A5EF8678-B621-451A-B58E-D1AFDD92751B}.Release|Any CPU.Build.0 = Release|Any CPU
		{A5EF8678-B621-451A-B58E-D1AFDD92751B}.Release|ARM.ActiveCfg = Release|Any CPU
		{A5EF8678-B621-451A-B58E-D1AFDD92751B}.Release|ARM.Build.0 = Release|Any CPU
		{A5EF8678-B621-451A-B58E-D1AFDD92751B}.Release|arm64.ActiveCfg = Release|arm64
		{A5EF8678-B621-451A-B58E-D1AFDD92751B}.Release|arm64.Build.0 = Release|arm64
		{A5EF8678-B621-451A-B58E-D1AFDD92751B}.Release|x64.ActiveCfg = Release|x64
		{A5EF8678-B621-451A-B58E-D1AFDD92751B}.Release|x64.Build.0 = Release|x64
		{A5EF8678-B621-451A-B58E-D1AFDD92751B}.Release|x86.ActiveCfg = Release|x86
		{A5EF8678-B621-451A-B58E-D1AFDD92751B}.Release|x86.Build.0 = Release|x86
		{0BAE9C75-B86F-4976-B24D-7A4B54853342}.Debug|Any CPU.ActiveCfg = Debug|Any CPU
		{0BAE9C75-B86F-4976-B24D-7A4B54853342}.Debug|Any CPU.Build.0 = Debug|Any CPU
		{0BAE9C75-B86F-4976-B24D-7A4B54853342}.Debug|ARM.ActiveCfg = Debug|Any CPU
		{0BAE9C75-B86F-4976-B24D-7A4B54853342}.Debug|ARM.Build.0 = Debug|Any CPU
		{0BAE9C75-B86F-4976-B24D-7A4B54853342}.Debug|arm64.ActiveCfg = Debug|arm64
		{0BAE9C75-B86F-4976-B24D-7A4B54853342}.Debug|arm64.Build.0 = Debug|arm64
		{0BAE9C75-B86F-4976-B24D-7A4B54853342}.Debug|x64.ActiveCfg = Debug|x64
		{0BAE9C75-B86F-4976-B24D-7A4B54853342}.Debug|x64.Build.0 = Debug|x64
		{0BAE9C75-B86F-4976-B24D-7A4B54853342}.Debug|x86.ActiveCfg = Debug|x86
		{0BAE9C75-B86F-4976-B24D-7A4B54853342}.Debug|x86.Build.0 = Debug|x86
		{0BAE9C75-B86F-4976-B24D-7A4B54853342}.Release|Any CPU.ActiveCfg = Release|Any CPU
		{0BAE9C75-B86F-4976-B24D-7A4B54853342}.Release|Any CPU.Build.0 = Release|Any CPU
		{0BAE9C75-B86F-4976-B24D-7A4B54853342}.Release|ARM.ActiveCfg = Release|Any CPU
		{0BAE9C75-B86F-4976-B24D-7A4B54853342}.Release|ARM.Build.0 = Release|Any CPU
		{0BAE9C75-B86F-4976-B24D-7A4B54853342}.Release|arm64.ActiveCfg = Release|arm64
		{0BAE9C75-B86F-4976-B24D-7A4B54853342}.Release|arm64.Build.0 = Release|arm64
		{0BAE9C75-B86F-4976-B24D-7A4B54853342}.Release|x64.ActiveCfg = Release|x64
		{0BAE9C75-B86F-4976-B24D-7A4B54853342}.Release|x64.Build.0 = Release|x64
		{0BAE9C75-B86F-4976-B24D-7A4B54853342}.Release|x86.ActiveCfg = Release|x86
		{0BAE9C75-B86F-4976-B24D-7A4B54853342}.Release|x86.Build.0 = Release|x86
		{67CB3F20-E40A-41F8-B159-A8857A7DC409}.Debug|Any CPU.ActiveCfg = Debug|Any CPU
		{67CB3F20-E40A-41F8-B159-A8857A7DC409}.Debug|Any CPU.Build.0 = Debug|Any CPU
		{67CB3F20-E40A-41F8-B159-A8857A7DC409}.Debug|ARM.ActiveCfg = Debug|Any CPU
		{67CB3F20-E40A-41F8-B159-A8857A7DC409}.Debug|ARM.Build.0 = Debug|Any CPU
		{67CB3F20-E40A-41F8-B159-A8857A7DC409}.Debug|arm64.ActiveCfg = Debug|arm64
		{67CB3F20-E40A-41F8-B159-A8857A7DC409}.Debug|arm64.Build.0 = Debug|arm64
		{67CB3F20-E40A-41F8-B159-A8857A7DC409}.Debug|x64.ActiveCfg = Debug|x64
		{67CB3F20-E40A-41F8-B159-A8857A7DC409}.Debug|x64.Build.0 = Debug|x64
		{67CB3F20-E40A-41F8-B159-A8857A7DC409}.Debug|x86.ActiveCfg = Debug|x86
		{67CB3F20-E40A-41F8-B159-A8857A7DC409}.Debug|x86.Build.0 = Debug|x86
		{67CB3F20-E40A-41F8-B159-A8857A7DC409}.Release|Any CPU.ActiveCfg = Release|Any CPU
		{67CB3F20-E40A-41F8-B159-A8857A7DC409}.Release|Any CPU.Build.0 = Release|Any CPU
		{67CB3F20-E40A-41F8-B159-A8857A7DC409}.Release|ARM.ActiveCfg = Release|Any CPU
		{67CB3F20-E40A-41F8-B159-A8857A7DC409}.Release|ARM.Build.0 = Release|Any CPU
		{67CB3F20-E40A-41F8-B159-A8857A7DC409}.Release|arm64.ActiveCfg = Release|arm64
		{67CB3F20-E40A-41F8-B159-A8857A7DC409}.Release|arm64.Build.0 = Release|arm64
		{67CB3F20-E40A-41F8-B159-A8857A7DC409}.Release|x64.ActiveCfg = Release|x64
		{67CB3F20-E40A-41F8-B159-A8857A7DC409}.Release|x64.Build.0 = Release|x64
		{67CB3F20-E40A-41F8-B159-A8857A7DC409}.Release|x86.ActiveCfg = Release|x86
		{67CB3F20-E40A-41F8-B159-A8857A7DC409}.Release|x86.Build.0 = Release|x86
		{FE5F05DF-B9A1-4EE8-9EFF-FEF6C26075AF}.Debug|Any CPU.ActiveCfg = Debug|Any CPU
		{FE5F05DF-B9A1-4EE8-9EFF-FEF6C26075AF}.Debug|Any CPU.Build.0 = Debug|Any CPU
		{FE5F05DF-B9A1-4EE8-9EFF-FEF6C26075AF}.Debug|ARM.ActiveCfg = Debug|Any CPU
		{FE5F05DF-B9A1-4EE8-9EFF-FEF6C26075AF}.Debug|ARM.Build.0 = Debug|Any CPU
		{FE5F05DF-B9A1-4EE8-9EFF-FEF6C26075AF}.Debug|arm64.ActiveCfg = Debug|arm64
		{FE5F05DF-B9A1-4EE8-9EFF-FEF6C26075AF}.Debug|arm64.Build.0 = Debug|arm64
		{FE5F05DF-B9A1-4EE8-9EFF-FEF6C26075AF}.Debug|x64.ActiveCfg = Debug|x64
		{FE5F05DF-B9A1-4EE8-9EFF-FEF6C26075AF}.Debug|x64.Build.0 = Debug|x64
		{FE5F05DF-B9A1-4EE8-9EFF-FEF6C26075AF}.Debug|x86.ActiveCfg = Debug|x86
		{FE5F05DF-B9A1-4EE8-9EFF-FEF6C26075AF}.Debug|x86.Build.0 = Debug|x86
		{FE5F05DF-B9A1-4EE8-9EFF-FEF6C26075AF}.Release|Any CPU.ActiveCfg = Release|Any CPU
		{FE5F05DF-B9A1-4EE8-9EFF-FEF6C26075AF}.Release|Any CPU.Build.0 = Release|Any CPU
		{FE5F05DF-B9A1-4EE8-9EFF-FEF6C26075AF}.Release|ARM.ActiveCfg = Release|Any CPU
		{FE5F05DF-B9A1-4EE8-9EFF-FEF6C26075AF}.Release|ARM.Build.0 = Release|Any CPU
		{FE5F05DF-B9A1-4EE8-9EFF-FEF6C26075AF}.Release|arm64.ActiveCfg = Release|arm64
		{FE5F05DF-B9A1-4EE8-9EFF-FEF6C26075AF}.Release|arm64.Build.0 = Release|arm64
		{FE5F05DF-B9A1-4EE8-9EFF-FEF6C26075AF}.Release|x64.ActiveCfg = Release|x64
		{FE5F05DF-B9A1-4EE8-9EFF-FEF6C26075AF}.Release|x64.Build.0 = Release|x64
		{FE5F05DF-B9A1-4EE8-9EFF-FEF6C26075AF}.Release|x86.ActiveCfg = Release|x86
		{FE5F05DF-B9A1-4EE8-9EFF-FEF6C26075AF}.Release|x86.Build.0 = Release|x86
		{C5835DCF-1A20-414B-865A-AA3F8CACE62D}.Debug|Any CPU.ActiveCfg = Debug|Any CPU
		{C5835DCF-1A20-414B-865A-AA3F8CACE62D}.Debug|Any CPU.Build.0 = Debug|Any CPU
		{C5835DCF-1A20-414B-865A-AA3F8CACE62D}.Debug|ARM.ActiveCfg = Debug|Any CPU
		{C5835DCF-1A20-414B-865A-AA3F8CACE62D}.Debug|ARM.Build.0 = Debug|Any CPU
		{C5835DCF-1A20-414B-865A-AA3F8CACE62D}.Debug|arm64.ActiveCfg = Debug|arm64
		{C5835DCF-1A20-414B-865A-AA3F8CACE62D}.Debug|arm64.Build.0 = Debug|arm64
		{C5835DCF-1A20-414B-865A-AA3F8CACE62D}.Debug|x64.ActiveCfg = Debug|x64
		{C5835DCF-1A20-414B-865A-AA3F8CACE62D}.Debug|x64.Build.0 = Debug|x64
		{C5835DCF-1A20-414B-865A-AA3F8CACE62D}.Debug|x86.ActiveCfg = Debug|x86
		{C5835DCF-1A20-414B-865A-AA3F8CACE62D}.Debug|x86.Build.0 = Debug|x86
		{C5835DCF-1A20-414B-865A-AA3F8CACE62D}.Release|Any CPU.ActiveCfg = Release|Any CPU
		{C5835DCF-1A20-414B-865A-AA3F8CACE62D}.Release|Any CPU.Build.0 = Release|Any CPU
		{C5835DCF-1A20-414B-865A-AA3F8CACE62D}.Release|ARM.ActiveCfg = Release|Any CPU
		{C5835DCF-1A20-414B-865A-AA3F8CACE62D}.Release|ARM.Build.0 = Release|Any CPU
		{C5835DCF-1A20-414B-865A-AA3F8CACE62D}.Release|arm64.ActiveCfg = Release|arm64
		{C5835DCF-1A20-414B-865A-AA3F8CACE62D}.Release|arm64.Build.0 = Release|arm64
		{C5835DCF-1A20-414B-865A-AA3F8CACE62D}.Release|x64.ActiveCfg = Release|x64
		{C5835DCF-1A20-414B-865A-AA3F8CACE62D}.Release|x64.Build.0 = Release|x64
		{C5835DCF-1A20-414B-865A-AA3F8CACE62D}.Release|x86.ActiveCfg = Release|x86
		{C5835DCF-1A20-414B-865A-AA3F8CACE62D}.Release|x86.Build.0 = Release|x86
		{09F6A782-B790-4734-82BD-2685AACC489F}.Debug|Any CPU.ActiveCfg = Debug|Any CPU
		{09F6A782-B790-4734-82BD-2685AACC489F}.Debug|Any CPU.Build.0 = Debug|Any CPU
		{09F6A782-B790-4734-82BD-2685AACC489F}.Debug|ARM.ActiveCfg = Debug|Any CPU
		{09F6A782-B790-4734-82BD-2685AACC489F}.Debug|ARM.Build.0 = Debug|Any CPU
		{09F6A782-B790-4734-82BD-2685AACC489F}.Debug|arm64.ActiveCfg = Debug|arm64
		{09F6A782-B790-4734-82BD-2685AACC489F}.Debug|arm64.Build.0 = Debug|arm64
		{09F6A782-B790-4734-82BD-2685AACC489F}.Debug|x64.ActiveCfg = Debug|x64
		{09F6A782-B790-4734-82BD-2685AACC489F}.Debug|x64.Build.0 = Debug|x64
		{09F6A782-B790-4734-82BD-2685AACC489F}.Debug|x86.ActiveCfg = Debug|x86
		{09F6A782-B790-4734-82BD-2685AACC489F}.Debug|x86.Build.0 = Debug|x86
		{09F6A782-B790-4734-82BD-2685AACC489F}.Release|Any CPU.ActiveCfg = Release|Any CPU
		{09F6A782-B790-4734-82BD-2685AACC489F}.Release|Any CPU.Build.0 = Release|Any CPU
		{09F6A782-B790-4734-82BD-2685AACC489F}.Release|ARM.ActiveCfg = Release|Any CPU
		{09F6A782-B790-4734-82BD-2685AACC489F}.Release|ARM.Build.0 = Release|Any CPU
		{09F6A782-B790-4734-82BD-2685AACC489F}.Release|arm64.ActiveCfg = Release|arm64
		{09F6A782-B790-4734-82BD-2685AACC489F}.Release|arm64.Build.0 = Release|arm64
		{09F6A782-B790-4734-82BD-2685AACC489F}.Release|x64.ActiveCfg = Release|x64
		{09F6A782-B790-4734-82BD-2685AACC489F}.Release|x64.Build.0 = Release|x64
		{09F6A782-B790-4734-82BD-2685AACC489F}.Release|x86.ActiveCfg = Release|x86
		{09F6A782-B790-4734-82BD-2685AACC489F}.Release|x86.Build.0 = Release|x86
		{1AAC4923-A4E5-41D9-87FA-CFB028F802E5}.Debug|Any CPU.ActiveCfg = Debug|Any CPU
		{1AAC4923-A4E5-41D9-87FA-CFB028F802E5}.Debug|Any CPU.Build.0 = Debug|Any CPU
		{1AAC4923-A4E5-41D9-87FA-CFB028F802E5}.Debug|ARM.ActiveCfg = Debug|Any CPU
		{1AAC4923-A4E5-41D9-87FA-CFB028F802E5}.Debug|ARM.Build.0 = Debug|Any CPU
		{1AAC4923-A4E5-41D9-87FA-CFB028F802E5}.Debug|arm64.ActiveCfg = Debug|arm64
		{1AAC4923-A4E5-41D9-87FA-CFB028F802E5}.Debug|arm64.Build.0 = Debug|arm64
		{1AAC4923-A4E5-41D9-87FA-CFB028F802E5}.Debug|x64.ActiveCfg = Debug|Any CPU
		{1AAC4923-A4E5-41D9-87FA-CFB028F802E5}.Debug|x64.Build.0 = Debug|Any CPU
		{1AAC4923-A4E5-41D9-87FA-CFB028F802E5}.Debug|x86.ActiveCfg = Debug|Any CPU
		{1AAC4923-A4E5-41D9-87FA-CFB028F802E5}.Debug|x86.Build.0 = Debug|Any CPU
		{1AAC4923-A4E5-41D9-87FA-CFB028F802E5}.Release|Any CPU.ActiveCfg = Release|Any CPU
		{1AAC4923-A4E5-41D9-87FA-CFB028F802E5}.Release|Any CPU.Build.0 = Release|Any CPU
		{1AAC4923-A4E5-41D9-87FA-CFB028F802E5}.Release|ARM.ActiveCfg = Release|Any CPU
		{1AAC4923-A4E5-41D9-87FA-CFB028F802E5}.Release|ARM.Build.0 = Release|Any CPU
		{1AAC4923-A4E5-41D9-87FA-CFB028F802E5}.Release|arm64.ActiveCfg = Release|arm64
		{1AAC4923-A4E5-41D9-87FA-CFB028F802E5}.Release|arm64.Build.0 = Release|arm64
		{1AAC4923-A4E5-41D9-87FA-CFB028F802E5}.Release|x64.ActiveCfg = Release|Any CPU
		{1AAC4923-A4E5-41D9-87FA-CFB028F802E5}.Release|x64.Build.0 = Release|Any CPU
		{1AAC4923-A4E5-41D9-87FA-CFB028F802E5}.Release|x86.ActiveCfg = Release|Any CPU
		{1AAC4923-A4E5-41D9-87FA-CFB028F802E5}.Release|x86.Build.0 = Release|Any CPU
		{B86CE874-B470-4294-BF98-21BB603E1F46}.Debug|Any CPU.ActiveCfg = Debug|Any CPU
		{B86CE874-B470-4294-BF98-21BB603E1F46}.Debug|Any CPU.Build.0 = Debug|Any CPU
		{B86CE874-B470-4294-BF98-21BB603E1F46}.Debug|ARM.ActiveCfg = Debug|Any CPU
		{B86CE874-B470-4294-BF98-21BB603E1F46}.Debug|ARM.Build.0 = Debug|Any CPU
		{B86CE874-B470-4294-BF98-21BB603E1F46}.Debug|arm64.ActiveCfg = Debug|Any CPU
		{B86CE874-B470-4294-BF98-21BB603E1F46}.Debug|arm64.Build.0 = Debug|Any CPU
		{B86CE874-B470-4294-BF98-21BB603E1F46}.Debug|x64.ActiveCfg = Debug|Any CPU
		{B86CE874-B470-4294-BF98-21BB603E1F46}.Debug|x64.Build.0 = Debug|Any CPU
		{B86CE874-B470-4294-BF98-21BB603E1F46}.Debug|x86.ActiveCfg = Debug|Any CPU
		{B86CE874-B470-4294-BF98-21BB603E1F46}.Debug|x86.Build.0 = Debug|Any CPU
		{B86CE874-B470-4294-BF98-21BB603E1F46}.Release|Any CPU.ActiveCfg = Release|Any CPU
		{B86CE874-B470-4294-BF98-21BB603E1F46}.Release|Any CPU.Build.0 = Release|Any CPU
		{B86CE874-B470-4294-BF98-21BB603E1F46}.Release|ARM.ActiveCfg = Release|Any CPU
		{B86CE874-B470-4294-BF98-21BB603E1F46}.Release|ARM.Build.0 = Release|Any CPU
		{B86CE874-B470-4294-BF98-21BB603E1F46}.Release|arm64.ActiveCfg = Release|Any CPU
		{B86CE874-B470-4294-BF98-21BB603E1F46}.Release|arm64.Build.0 = Release|Any CPU
		{B86CE874-B470-4294-BF98-21BB603E1F46}.Release|x64.ActiveCfg = Release|Any CPU
		{B86CE874-B470-4294-BF98-21BB603E1F46}.Release|x64.Build.0 = Release|Any CPU
		{B86CE874-B470-4294-BF98-21BB603E1F46}.Release|x86.ActiveCfg = Release|Any CPU
		{B86CE874-B470-4294-BF98-21BB603E1F46}.Release|x86.Build.0 = Release|Any CPU
		{CB4B918C-3DBD-40AA-99F7-83EF033DB8A8}.Debug|Any CPU.ActiveCfg = Debug|Any CPU
		{CB4B918C-3DBD-40AA-99F7-83EF033DB8A8}.Debug|Any CPU.Build.0 = Debug|Any CPU
		{CB4B918C-3DBD-40AA-99F7-83EF033DB8A8}.Debug|ARM.ActiveCfg = Debug|Any CPU
		{CB4B918C-3DBD-40AA-99F7-83EF033DB8A8}.Debug|ARM.Build.0 = Debug|Any CPU
		{CB4B918C-3DBD-40AA-99F7-83EF033DB8A8}.Debug|arm64.ActiveCfg = Debug|Any CPU
		{CB4B918C-3DBD-40AA-99F7-83EF033DB8A8}.Debug|arm64.Build.0 = Debug|Any CPU
		{CB4B918C-3DBD-40AA-99F7-83EF033DB8A8}.Debug|x64.ActiveCfg = Debug|Any CPU
		{CB4B918C-3DBD-40AA-99F7-83EF033DB8A8}.Debug|x64.Build.0 = Debug|Any CPU
		{CB4B918C-3DBD-40AA-99F7-83EF033DB8A8}.Debug|x86.ActiveCfg = Debug|Any CPU
		{CB4B918C-3DBD-40AA-99F7-83EF033DB8A8}.Debug|x86.Build.0 = Debug|Any CPU
		{CB4B918C-3DBD-40AA-99F7-83EF033DB8A8}.Release|Any CPU.ActiveCfg = Release|Any CPU
		{CB4B918C-3DBD-40AA-99F7-83EF033DB8A8}.Release|Any CPU.Build.0 = Release|Any CPU
		{CB4B918C-3DBD-40AA-99F7-83EF033DB8A8}.Release|ARM.ActiveCfg = Release|Any CPU
		{CB4B918C-3DBD-40AA-99F7-83EF033DB8A8}.Release|ARM.Build.0 = Release|Any CPU
		{CB4B918C-3DBD-40AA-99F7-83EF033DB8A8}.Release|arm64.ActiveCfg = Release|Any CPU
		{CB4B918C-3DBD-40AA-99F7-83EF033DB8A8}.Release|arm64.Build.0 = Release|Any CPU
		{CB4B918C-3DBD-40AA-99F7-83EF033DB8A8}.Release|x64.ActiveCfg = Release|Any CPU
		{CB4B918C-3DBD-40AA-99F7-83EF033DB8A8}.Release|x64.Build.0 = Release|Any CPU
		{CB4B918C-3DBD-40AA-99F7-83EF033DB8A8}.Release|x86.ActiveCfg = Release|Any CPU
		{CB4B918C-3DBD-40AA-99F7-83EF033DB8A8}.Release|x86.Build.0 = Release|Any CPU
	EndGlobalSection
	GlobalSection(SolutionProperties) = preSolution
		HideSolutionNode = FALSE
	EndGlobalSection
	GlobalSection(NestedProjects) = preSolution
		{F74C9D30-95F1-4A07-BA85-F5DA26824B40} = {162FE1A9-890A-4101-AFF8-54F6B1483882}
		{464E542C-2E57-46BB-8BEC-4A77E0228A17} = {162FE1A9-890A-4101-AFF8-54F6B1483882}
		{C3E27D93-4CCE-4EC3-8935-9AED651B233E} = {162FE1A9-890A-4101-AFF8-54F6B1483882}
		{6B098DD6-800B-42DF-9309-DB29C64DDD29} = {162FE1A9-890A-4101-AFF8-54F6B1483882}
		{5E74B6C3-20F3-4ED8-A1E5-98325B77A515} = {162FE1A9-890A-4101-AFF8-54F6B1483882}
		{43C8BFCA-DB35-41F6-8602-A3E99BDD8EC6} = {162FE1A9-890A-4101-AFF8-54F6B1483882}
		{6A920E9F-BC98-4EAA-AA9B-2C9FA82443E9} = {162FE1A9-890A-4101-AFF8-54F6B1483882}
		{B601B162-CDCD-492A-A8CF-747E0D3F6F83} = {162FE1A9-890A-4101-AFF8-54F6B1483882}
		{6FA4B632-E5EB-4DFF-9E11-F1093BDEAA6F} = {162FE1A9-890A-4101-AFF8-54F6B1483882}
		{A5EF8678-B621-451A-B58E-D1AFDD92751B} = {162FE1A9-890A-4101-AFF8-54F6B1483882}
		{0BAE9C75-B86F-4976-B24D-7A4B54853342} = {C4A7DBD6-6FB5-410A-9252-922C7909C82C}
		{67CB3F20-E40A-41F8-B159-A8857A7DC409} = {C4A7DBD6-6FB5-410A-9252-922C7909C82C}
		{FE5F05DF-B9A1-4EE8-9EFF-FEF6C26075AF} = {162FE1A9-890A-4101-AFF8-54F6B1483882}
		{C5835DCF-1A20-414B-865A-AA3F8CACE62D} = {162FE1A9-890A-4101-AFF8-54F6B1483882}
		{09F6A782-B790-4734-82BD-2685AACC489F} = {162FE1A9-890A-4101-AFF8-54F6B1483882}
		{1AAC4923-A4E5-41D9-87FA-CFB028F802E5} = {162FE1A9-890A-4101-AFF8-54F6B1483882}
		{B86CE874-B470-4294-BF98-21BB603E1F46} = {162FE1A9-890A-4101-AFF8-54F6B1483882}
		{CB4B918C-3DBD-40AA-99F7-83EF033DB8A8} = {C4A7DBD6-6FB5-410A-9252-922C7909C82C}
	EndGlobalSection
	GlobalSection(ExtensibilityGlobals) = postSolution
		SolutionGuid = {FEE89471-4FE8-4620-991F-4EBAD0F4CFEA}
	EndGlobalSection
	GlobalSection(SharedMSBuildProjectFiles) = preSolution
		src\TempManager.Shared\TempManager.Shared.projitems*{1aac4923-a4e5-41d9-87fa-cfb028f802e5}*SharedItemsImports = 5
		src\CompDB.Shared\CompDB.Shared.projitems*{a5ef8678-b621-451a-b58e-d1afdd92751b}*SharedItemsImports = 5
		src\UnifiedUpdatePlatform.Services.WindowsUpdate.Shared\UnifiedUpdatePlatform.Services.WindowsUpdate.Shared.projitems*{b601b162-cdcd-492a-a8cf-747e0d3f6f83}*SharedItemsImports = 5
		src\Cabinet.Shared\Cabinet.Shared.projitems*{c5835dcf-1a20-414b-865a-aa3f8cace62d}*SharedItemsImports = 5
		src\UnifiedUpdatePlatform.Common.Messaging.Shared\UnifiedUpdatePlatform.Common.Messaging.Shared.projitems*{f74c9d30-95f1-4a07-ba85-f5da26824b40}*SharedItemsImports = 5
		src\UnifiedUpdatePlatform.Services.WindowsUpdate.Downloads.Shared\UnifiedUpdatePlatform.Services.WindowsUpdate.Downloads.Shared.projitems*{fe5f05df-b9a1-4ee8-9eff-fef6c26075af}*SharedItemsImports = 5
	EndGlobalSection
EndGlobal
