
Microsoft Visual Studio Solution File, Format Version 12.00
# Visual Studio Version 16
VisualStudioVersion = 16.0.30114.128
MinimumVisualStudioVersion = 10.0.40219.1
Project("{C7167F0D-BC9F-4E6E-AFE1-012C56B48DB5}") = "UUPMediaCreator.Package", "src\Applications\UUPMediaCreator.Package\UUPMediaCreator.Package.wapproj", "{34CD2A97-E3CE-4606-9B64-E5B3A42E108A}"
EndProject
Project("{2150E333-8FDC-42A3-9474-1A3956D46DE8}") = "Applications", "Applications", "{26CB0999-BDB7-470B-A466-743E180E9EC8}"
EndProject
Project("{2150E333-8FDC-42A3-9474-1A3956D46DE8}") = "Libraries", "Libraries", "{162FE1A9-890A-4101-AFF8-54F6B1483882}"
EndProject
Project("{2150E333-8FDC-42A3-9474-1A3956D46DE8}") = "Shared", "Shared", "{24BB6CC7-870A-4A61-BAC0-E22BF57CE5F4}"
EndProject
Project("{FAE04EC0-301F-11D3-BF4B-00C04F79EFBC}") = "UUPMediaCreator", "src\Applications\UUPMediaCreator\UUPMediaCreator.csproj", "{4291EF28-C146-4772-8598-982645C9FF9A}"
EndProject
Project("{9A19103F-16F7-4668-BE54-9A1E7A4F7556}") = "UUPMediaCreator.Broker", "src\Applications\UUPMediaCreator.Broker\UUPMediaCreator.Broker.csproj", "{10CCCD4A-4B25-4EE3-BCC4-1297769890DE}"
EndProject
Project("{9A19103F-16F7-4668-BE54-9A1E7A4F7556}") = "InterCommunication.NET", "src\InterCommunication.NET\InterCommunication.NET.csproj", "{F74C9D30-95F1-4A07-BA85-F5DA26824B40}"
EndProject
Project("{FAE04EC0-301F-11D3-BF4B-00C04F79EFBC}") = "InterCommunication.UWP", "src\InterCommunication.UWP\InterCommunication.UWP.csproj", "{11385F97-61D8-47EF-A068-3A130232F6B6}"
EndProject
Project("{D954291E-2A0B-460D-934E-DC6B0785DB48}") = "InterCommunication.Shared", "src\InterCommunication.Shared\InterCommunication.Shared.shproj", "{B8CE22ED-2AD7-4FB2-8B72-88F345E29B86}"
EndProject
Project("{FAE04EC0-301F-11D3-BF4B-00C04F79EFBC}") = "WindowsUpdateLib.UWP", "src\WindowsUpdateLib.UWP\WindowsUpdateLib.UWP.csproj", "{8EBD2B3F-31C4-493A-8853-FDBE32097B7E}"
EndProject
Project("{D954291E-2A0B-460D-934E-DC6B0785DB48}") = "WindowsUpdateLib.Shared", "src\WindowsUpdateLib.Shared\WindowsUpdateLib.Shared.shproj", "{0D26E90F-2CF6-4BA5-B235-72E646A3FF48}"
EndProject
Project("{D954291E-2A0B-460D-934E-DC6B0785DB48}") = "Microsoft.Cabinet.Shared", "thirdparty\Microsoft.Cabinet.Shared\Microsoft.Cabinet.Shared.shproj", "{01E07853-2229-48F3-A66C-A0A1120E3242}"
EndProject
Project("{FAE04EC0-301F-11D3-BF4B-00C04F79EFBC}") = "Microsoft.Cabinet.UWP", "thirdparty\Microsoft.Cabinet.UWP\Microsoft.Cabinet.UWP.csproj", "{F54C1E9A-2A8B-4B1A-B260-A72B055ED10F}"
EndProject
Project("{9A19103F-16F7-4668-BE54-9A1E7A4F7556}") = "Microsoft.Cabinet.NET", "thirdparty\Microsoft.Cabinet.NET\Microsoft.Cabinet.NET.csproj", "{7020F6C8-FC8B-42FE-BBC0-365580A6584C}"
EndProject
Project("{2150E333-8FDC-42A3-9474-1A3956D46DE8}") = "NET", "NET", "{1FAD29D8-1E0C-4A12-B091-205EAB78C214}"
EndProject
Project("{2150E333-8FDC-42A3-9474-1A3956D46DE8}") = "UWP", "UWP", "{715DF7A3-E1E7-4077-A53D-6F76D6C6F1F4}"
EndProject
Project("{9A19103F-16F7-4668-BE54-9A1E7A4F7556}") = "MediaCreationLib.NET", "src\MediaCreationLib.NET\MediaCreationLib.NET.csproj", "{464E542C-2E57-46BB-8BEC-4A77E0228A17}"
EndProject
Project("{9A19103F-16F7-4668-BE54-9A1E7A4F7556}") = "Microsoft.Dism.NET", "thirdparty\Microsoft.Dism.NET\Microsoft.Dism.NET.csproj", "{C3E27D93-4CCE-4EC3-8935-9AED651B233E}"
EndProject
Project("{D954291E-2A0B-460D-934E-DC6B0785DB48}") = "CompDB.Shared", "src\CompDB.Shared\CompDB.Shared.shproj", "{113C95B3-1CBB-4B02-8BFE-8A623AD67F84}"
EndProject
Project("{9A19103F-16F7-4668-BE54-9A1E7A4F7556}") = "VirtualHardDiskLib.NET", "src\VirtualHardDiskLib.NET\VirtualHardDiskLib.NET.csproj", "{6B098DD6-800B-42DF-9309-DB29C64DDD29}"
EndProject
Project("{9A19103F-16F7-4668-BE54-9A1E7A4F7556}") = "Microsoft.Wim.NET", "thirdparty\Microsoft.Wim.NET\Microsoft.Wim.NET.csproj", "{5E74B6C3-20F3-4ED8-A1E5-98325B77A515}"
EndProject
Project("{9A19103F-16F7-4668-BE54-9A1E7A4F7556}") = "Privileges.NET", "thirdparty\Privileges.NET\Privileges.NET.csproj", "{43C8BFCA-DB35-41F6-8602-A3E99BDD8EC6}"
EndProject
Project("{9A19103F-16F7-4668-BE54-9A1E7A4F7556}") = "UUPMediaCreator.DismBroker", "src\Applications\UUPMediaCreator.DismBroker\UUPMediaCreator.DismBroker.csproj", "{775242B5-1184-4D4C-99B6-96AD29E11C44}"
EndProject
Project("{9A19103F-16F7-4668-BE54-9A1E7A4F7556}") = "MediaCreationLib.DismOperations.NET", "src\MediaCreationLib.DismOperations.NET\MediaCreationLib.DismOperations.NET.csproj", "{D141A8D4-61E6-4080-B7AF-D56ACCA26F5D}"
EndProject
Project("{2150E333-8FDC-42A3-9474-1A3956D46DE8}") = "Forwarders", "Forwarders", "{335D091D-458E-41C2-A2BB-9F8216A8FA6B}"
EndProject
Project("{2150E333-8FDC-42A3-9474-1A3956D46DE8}") = "Forwarders", "Forwarders", "{CE03294E-582F-47C6-BAD4-BBFA970FF25D}"
EndProject
Project("{9A19103F-16F7-4668-BE54-9A1E7A4F7556}") = "Imaging.NET", "src\Imaging.NET\Imaging.NET.csproj", "{6A920E9F-BC98-4EAA-AA9B-2C9FA82443E9}"
EndProject
Project("{9A19103F-16F7-4668-BE54-9A1E7A4F7556}") = "UUPMediaConverterCli", "src\UUPMediaConverterCli\UUPMediaConverterCli.csproj", "{0BAE9C75-B86F-4976-B24D-7A4B54853342}"
EndProject
Project("{9A19103F-16F7-4668-BE54-9A1E7A4F7556}") = "UUPDownload", "src\UUPDownload\UUPDownload.csproj", "{67CB3F20-E40A-41F8-B159-A8857A7DC409}"
EndProject
Project("{9A19103F-16F7-4668-BE54-9A1E7A4F7556}") = "WindowsUpdateLib.NET", "src\WindowsUpdateLib.NET\WindowsUpdateLib.NET.csproj", "{B601B162-CDCD-492A-A8CF-747E0D3F6F83}"
EndProject
Global
	GlobalSection(SharedMSBuildProjectFiles) = preSolution
		thirdparty\Microsoft.Cabinet.Shared\Microsoft.Cabinet.Shared.projitems*{01e07853-2229-48f3-a66c-a0a1120e3242}*SharedItemsImports = 13
		src\WindowsUpdateLib.Shared\WindowsUpdateLib.Shared.projitems*{0d26e90f-2cf6-4ba5-b235-72e646a3ff48}*SharedItemsImports = 13
		src\InterCommunication.Shared\InterCommunication.Shared.projitems*{11385f97-61d8-47ef-a068-3a130232f6b6}*SharedItemsImports = 4
		src\CompDB.Shared\CompDB.Shared.projitems*{113c95b3-1cbb-4b02-8bfe-8a623ad67f84}*SharedItemsImports = 13
		src\CompDB.Shared\CompDB.Shared.projitems*{67cb3f20-e40a-41f8-b159-a8857a7dc409}*SharedItemsImports = 5
		thirdparty\Microsoft.Cabinet.Shared\Microsoft.Cabinet.Shared.projitems*{7020f6c8-fc8b-42fe-bbc0-365580a6584c}*SharedItemsImports = 5
		src\CompDB.Shared\CompDB.Shared.projitems*{8ebd2b3f-31c4-493a-8853-fdbe32097b7e}*SharedItemsImports = 4
		src\WindowsUpdateLib.Shared\WindowsUpdateLib.Shared.projitems*{8ebd2b3f-31c4-493a-8853-fdbe32097b7e}*SharedItemsImports = 4
		src\WindowsUpdateLib.Shared\WindowsUpdateLib.Shared.projitems*{b601b162-cdcd-492a-a8cf-747e0d3f6f83}*SharedItemsImports = 5
		src\InterCommunication.Shared\InterCommunication.Shared.projitems*{b8ce22ed-2ad7-4fb2-8b72-88f345e29b86}*SharedItemsImports = 13
		thirdparty\Microsoft.Cabinet.Shared\Microsoft.Cabinet.Shared.projitems*{f54c1e9a-2a8b-4b1a-b260-a72b055ed10f}*SharedItemsImports = 4
		src\InterCommunication.Shared\InterCommunication.Shared.projitems*{f74c9d30-95f1-4a07-ba85-f5da26824b40}*SharedItemsImports = 5
	EndGlobalSection
	GlobalSection(SolutionConfigurationPlatforms) = preSolution
		Debug|Any CPU = Debug|Any CPU
		Debug|ARM = Debug|ARM
		Debug|ARM64 = Debug|ARM64
		Debug|x64 = Debug|x64
		Debug|x86 = Debug|x86
		Release|Any CPU = Release|Any CPU
		Release|ARM = Release|ARM
		Release|ARM64 = Release|ARM64
		Release|x64 = Release|x64
		Release|x86 = Release|x86
	EndGlobalSection
	GlobalSection(ProjectConfigurationPlatforms) = postSolution
		{34CD2A97-E3CE-4606-9B64-E5B3A42E108A}.Debug|Any CPU.ActiveCfg = Debug|Any CPU
		{34CD2A97-E3CE-4606-9B64-E5B3A42E108A}.Debug|Any CPU.Build.0 = Debug|Any CPU
		{34CD2A97-E3CE-4606-9B64-E5B3A42E108A}.Debug|Any CPU.Deploy.0 = Debug|Any CPU
		{34CD2A97-E3CE-4606-9B64-E5B3A42E108A}.Debug|ARM.ActiveCfg = Debug|ARM
		{34CD2A97-E3CE-4606-9B64-E5B3A42E108A}.Debug|ARM.Build.0 = Debug|ARM
		{34CD2A97-E3CE-4606-9B64-E5B3A42E108A}.Debug|ARM.Deploy.0 = Debug|ARM
		{34CD2A97-E3CE-4606-9B64-E5B3A42E108A}.Debug|ARM64.ActiveCfg = Debug|ARM64
		{34CD2A97-E3CE-4606-9B64-E5B3A42E108A}.Debug|ARM64.Build.0 = Debug|ARM64
		{34CD2A97-E3CE-4606-9B64-E5B3A42E108A}.Debug|ARM64.Deploy.0 = Debug|ARM64
		{34CD2A97-E3CE-4606-9B64-E5B3A42E108A}.Debug|x64.ActiveCfg = Debug|x64
		{34CD2A97-E3CE-4606-9B64-E5B3A42E108A}.Debug|x64.Build.0 = Debug|x64
		{34CD2A97-E3CE-4606-9B64-E5B3A42E108A}.Debug|x64.Deploy.0 = Debug|x64
		{34CD2A97-E3CE-4606-9B64-E5B3A42E108A}.Debug|x86.ActiveCfg = Debug|x86
		{34CD2A97-E3CE-4606-9B64-E5B3A42E108A}.Debug|x86.Build.0 = Debug|x86
		{34CD2A97-E3CE-4606-9B64-E5B3A42E108A}.Debug|x86.Deploy.0 = Debug|x86
		{34CD2A97-E3CE-4606-9B64-E5B3A42E108A}.Release|Any CPU.ActiveCfg = Release|Any CPU
		{34CD2A97-E3CE-4606-9B64-E5B3A42E108A}.Release|Any CPU.Build.0 = Release|Any CPU
		{34CD2A97-E3CE-4606-9B64-E5B3A42E108A}.Release|Any CPU.Deploy.0 = Release|Any CPU
		{34CD2A97-E3CE-4606-9B64-E5B3A42E108A}.Release|ARM.ActiveCfg = Release|ARM
		{34CD2A97-E3CE-4606-9B64-E5B3A42E108A}.Release|ARM.Build.0 = Release|ARM
		{34CD2A97-E3CE-4606-9B64-E5B3A42E108A}.Release|ARM.Deploy.0 = Release|ARM
		{34CD2A97-E3CE-4606-9B64-E5B3A42E108A}.Release|ARM64.ActiveCfg = Release|ARM64
		{34CD2A97-E3CE-4606-9B64-E5B3A42E108A}.Release|ARM64.Build.0 = Release|ARM64
		{34CD2A97-E3CE-4606-9B64-E5B3A42E108A}.Release|ARM64.Deploy.0 = Release|ARM64
		{34CD2A97-E3CE-4606-9B64-E5B3A42E108A}.Release|x64.ActiveCfg = Release|x64
		{34CD2A97-E3CE-4606-9B64-E5B3A42E108A}.Release|x64.Build.0 = Release|x64
		{34CD2A97-E3CE-4606-9B64-E5B3A42E108A}.Release|x64.Deploy.0 = Release|x64
		{34CD2A97-E3CE-4606-9B64-E5B3A42E108A}.Release|x86.ActiveCfg = Release|x86
		{34CD2A97-E3CE-4606-9B64-E5B3A42E108A}.Release|x86.Build.0 = Release|x86
		{34CD2A97-E3CE-4606-9B64-E5B3A42E108A}.Release|x86.Deploy.0 = Release|x86
		{4291EF28-C146-4772-8598-982645C9FF9A}.Debug|Any CPU.ActiveCfg = Debug|x86
		{4291EF28-C146-4772-8598-982645C9FF9A}.Debug|ARM.ActiveCfg = Debug|ARM
		{4291EF28-C146-4772-8598-982645C9FF9A}.Debug|ARM.Build.0 = Debug|ARM
		{4291EF28-C146-4772-8598-982645C9FF9A}.Debug|ARM.Deploy.0 = Debug|ARM
		{4291EF28-C146-4772-8598-982645C9FF9A}.Debug|ARM64.ActiveCfg = Debug|ARM64
		{4291EF28-C146-4772-8598-982645C9FF9A}.Debug|ARM64.Build.0 = Debug|ARM64
		{4291EF28-C146-4772-8598-982645C9FF9A}.Debug|ARM64.Deploy.0 = Debug|ARM64
		{4291EF28-C146-4772-8598-982645C9FF9A}.Debug|x64.ActiveCfg = Debug|x64
		{4291EF28-C146-4772-8598-982645C9FF9A}.Debug|x64.Build.0 = Debug|x64
		{4291EF28-C146-4772-8598-982645C9FF9A}.Debug|x64.Deploy.0 = Debug|x64
		{4291EF28-C146-4772-8598-982645C9FF9A}.Debug|x86.ActiveCfg = Debug|x86
		{4291EF28-C146-4772-8598-982645C9FF9A}.Debug|x86.Build.0 = Debug|x86
		{4291EF28-C146-4772-8598-982645C9FF9A}.Debug|x86.Deploy.0 = Debug|x86
		{4291EF28-C146-4772-8598-982645C9FF9A}.Release|Any CPU.ActiveCfg = Release|x86
		{4291EF28-C146-4772-8598-982645C9FF9A}.Release|ARM.ActiveCfg = Release|ARM
		{4291EF28-C146-4772-8598-982645C9FF9A}.Release|ARM.Build.0 = Release|ARM
		{4291EF28-C146-4772-8598-982645C9FF9A}.Release|ARM.Deploy.0 = Release|ARM
		{4291EF28-C146-4772-8598-982645C9FF9A}.Release|ARM64.ActiveCfg = Release|ARM64
		{4291EF28-C146-4772-8598-982645C9FF9A}.Release|ARM64.Build.0 = Release|ARM64
		{4291EF28-C146-4772-8598-982645C9FF9A}.Release|ARM64.Deploy.0 = Release|ARM64
		{4291EF28-C146-4772-8598-982645C9FF9A}.Release|x64.ActiveCfg = Release|x64
		{4291EF28-C146-4772-8598-982645C9FF9A}.Release|x64.Build.0 = Release|x64
		{4291EF28-C146-4772-8598-982645C9FF9A}.Release|x64.Deploy.0 = Release|x64
		{4291EF28-C146-4772-8598-982645C9FF9A}.Release|x86.ActiveCfg = Release|x86
		{4291EF28-C146-4772-8598-982645C9FF9A}.Release|x86.Build.0 = Release|x86
		{4291EF28-C146-4772-8598-982645C9FF9A}.Release|x86.Deploy.0 = Release|x86
		{10CCCD4A-4B25-4EE3-BCC4-1297769890DE}.Debug|Any CPU.ActiveCfg = Debug|Any CPU
		{10CCCD4A-4B25-4EE3-BCC4-1297769890DE}.Debug|Any CPU.Build.0 = Debug|Any CPU
		{10CCCD4A-4B25-4EE3-BCC4-1297769890DE}.Debug|ARM.ActiveCfg = Debug|Any CPU
		{10CCCD4A-4B25-4EE3-BCC4-1297769890DE}.Debug|ARM.Build.0 = Debug|Any CPU
		{10CCCD4A-4B25-4EE3-BCC4-1297769890DE}.Debug|ARM64.ActiveCfg = Debug|Any CPU
		{10CCCD4A-4B25-4EE3-BCC4-1297769890DE}.Debug|ARM64.Build.0 = Debug|Any CPU
		{10CCCD4A-4B25-4EE3-BCC4-1297769890DE}.Debug|x64.ActiveCfg = Debug|Any CPU
		{10CCCD4A-4B25-4EE3-BCC4-1297769890DE}.Debug|x64.Build.0 = Debug|Any CPU
		{10CCCD4A-4B25-4EE3-BCC4-1297769890DE}.Debug|x86.ActiveCfg = Debug|Any CPU
		{10CCCD4A-4B25-4EE3-BCC4-1297769890DE}.Debug|x86.Build.0 = Debug|Any CPU
		{10CCCD4A-4B25-4EE3-BCC4-1297769890DE}.Release|Any CPU.ActiveCfg = Release|Any CPU
		{10CCCD4A-4B25-4EE3-BCC4-1297769890DE}.Release|Any CPU.Build.0 = Release|Any CPU
		{10CCCD4A-4B25-4EE3-BCC4-1297769890DE}.Release|ARM.ActiveCfg = Release|Any CPU
		{10CCCD4A-4B25-4EE3-BCC4-1297769890DE}.Release|ARM.Build.0 = Release|Any CPU
		{10CCCD4A-4B25-4EE3-BCC4-1297769890DE}.Release|ARM64.ActiveCfg = Release|Any CPU
		{10CCCD4A-4B25-4EE3-BCC4-1297769890DE}.Release|ARM64.Build.0 = Release|Any CPU
		{10CCCD4A-4B25-4EE3-BCC4-1297769890DE}.Release|x64.ActiveCfg = Release|Any CPU
		{10CCCD4A-4B25-4EE3-BCC4-1297769890DE}.Release|x64.Build.0 = Release|Any CPU
		{10CCCD4A-4B25-4EE3-BCC4-1297769890DE}.Release|x86.ActiveCfg = Release|Any CPU
		{10CCCD4A-4B25-4EE3-BCC4-1297769890DE}.Release|x86.Build.0 = Release|Any CPU
		{F74C9D30-95F1-4A07-BA85-F5DA26824B40}.Debug|Any CPU.ActiveCfg = Debug|Any CPU
		{F74C9D30-95F1-4A07-BA85-F5DA26824B40}.Debug|Any CPU.Build.0 = Debug|Any CPU
		{F74C9D30-95F1-4A07-BA85-F5DA26824B40}.Debug|ARM.ActiveCfg = Debug|Any CPU
		{F74C9D30-95F1-4A07-BA85-F5DA26824B40}.Debug|ARM.Build.0 = Debug|Any CPU
		{F74C9D30-95F1-4A07-BA85-F5DA26824B40}.Debug|ARM64.ActiveCfg = Debug|Any CPU
		{F74C9D30-95F1-4A07-BA85-F5DA26824B40}.Debug|ARM64.Build.0 = Debug|Any CPU
		{F74C9D30-95F1-4A07-BA85-F5DA26824B40}.Debug|x64.ActiveCfg = Debug|Any CPU
		{F74C9D30-95F1-4A07-BA85-F5DA26824B40}.Debug|x64.Build.0 = Debug|Any CPU
		{F74C9D30-95F1-4A07-BA85-F5DA26824B40}.Debug|x86.ActiveCfg = Debug|Any CPU
		{F74C9D30-95F1-4A07-BA85-F5DA26824B40}.Debug|x86.Build.0 = Debug|Any CPU
		{F74C9D30-95F1-4A07-BA85-F5DA26824B40}.Release|Any CPU.ActiveCfg = Release|Any CPU
		{F74C9D30-95F1-4A07-BA85-F5DA26824B40}.Release|Any CPU.Build.0 = Release|Any CPU
		{F74C9D30-95F1-4A07-BA85-F5DA26824B40}.Release|ARM.ActiveCfg = Release|Any CPU
		{F74C9D30-95F1-4A07-BA85-F5DA26824B40}.Release|ARM.Build.0 = Release|Any CPU
		{F74C9D30-95F1-4A07-BA85-F5DA26824B40}.Release|ARM64.ActiveCfg = Release|Any CPU
		{F74C9D30-95F1-4A07-BA85-F5DA26824B40}.Release|ARM64.Build.0 = Release|Any CPU
		{F74C9D30-95F1-4A07-BA85-F5DA26824B40}.Release|x64.ActiveCfg = Release|Any CPU
		{F74C9D30-95F1-4A07-BA85-F5DA26824B40}.Release|x64.Build.0 = Release|Any CPU
		{F74C9D30-95F1-4A07-BA85-F5DA26824B40}.Release|x86.ActiveCfg = Release|Any CPU
		{F74C9D30-95F1-4A07-BA85-F5DA26824B40}.Release|x86.Build.0 = Release|Any CPU
		{11385F97-61D8-47EF-A068-3A130232F6B6}.Debug|Any CPU.ActiveCfg = Debug|Any CPU
		{11385F97-61D8-47EF-A068-3A130232F6B6}.Debug|Any CPU.Build.0 = Debug|Any CPU
		{11385F97-61D8-47EF-A068-3A130232F6B6}.Debug|ARM.ActiveCfg = Debug|ARM
		{11385F97-61D8-47EF-A068-3A130232F6B6}.Debug|ARM.Build.0 = Debug|ARM
		{11385F97-61D8-47EF-A068-3A130232F6B6}.Debug|ARM64.ActiveCfg = Debug|ARM64
		{11385F97-61D8-47EF-A068-3A130232F6B6}.Debug|ARM64.Build.0 = Debug|ARM64
		{11385F97-61D8-47EF-A068-3A130232F6B6}.Debug|x64.ActiveCfg = Debug|x64
		{11385F97-61D8-47EF-A068-3A130232F6B6}.Debug|x64.Build.0 = Debug|x64
		{11385F97-61D8-47EF-A068-3A130232F6B6}.Debug|x86.ActiveCfg = Debug|x86
		{11385F97-61D8-47EF-A068-3A130232F6B6}.Debug|x86.Build.0 = Debug|x86
		{11385F97-61D8-47EF-A068-3A130232F6B6}.Release|Any CPU.ActiveCfg = Release|Any CPU
		{11385F97-61D8-47EF-A068-3A130232F6B6}.Release|Any CPU.Build.0 = Release|Any CPU
		{11385F97-61D8-47EF-A068-3A130232F6B6}.Release|ARM.ActiveCfg = Release|ARM
		{11385F97-61D8-47EF-A068-3A130232F6B6}.Release|ARM.Build.0 = Release|ARM
		{11385F97-61D8-47EF-A068-3A130232F6B6}.Release|ARM64.ActiveCfg = Release|ARM64
		{11385F97-61D8-47EF-A068-3A130232F6B6}.Release|ARM64.Build.0 = Release|ARM64
		{11385F97-61D8-47EF-A068-3A130232F6B6}.Release|x64.ActiveCfg = Release|x64
		{11385F97-61D8-47EF-A068-3A130232F6B6}.Release|x64.Build.0 = Release|x64
		{11385F97-61D8-47EF-A068-3A130232F6B6}.Release|x86.ActiveCfg = Release|x86
		{11385F97-61D8-47EF-A068-3A130232F6B6}.Release|x86.Build.0 = Release|x86
		{8EBD2B3F-31C4-493A-8853-FDBE32097B7E}.Debug|Any CPU.ActiveCfg = Debug|Any CPU
		{8EBD2B3F-31C4-493A-8853-FDBE32097B7E}.Debug|Any CPU.Build.0 = Debug|Any CPU
		{8EBD2B3F-31C4-493A-8853-FDBE32097B7E}.Debug|ARM.ActiveCfg = Debug|ARM
		{8EBD2B3F-31C4-493A-8853-FDBE32097B7E}.Debug|ARM.Build.0 = Debug|ARM
		{8EBD2B3F-31C4-493A-8853-FDBE32097B7E}.Debug|ARM64.ActiveCfg = Debug|ARM64
		{8EBD2B3F-31C4-493A-8853-FDBE32097B7E}.Debug|ARM64.Build.0 = Debug|ARM64
		{8EBD2B3F-31C4-493A-8853-FDBE32097B7E}.Debug|x64.ActiveCfg = Debug|x64
		{8EBD2B3F-31C4-493A-8853-FDBE32097B7E}.Debug|x64.Build.0 = Debug|x64
		{8EBD2B3F-31C4-493A-8853-FDBE32097B7E}.Debug|x86.ActiveCfg = Debug|x86
		{8EBD2B3F-31C4-493A-8853-FDBE32097B7E}.Debug|x86.Build.0 = Debug|x86
		{8EBD2B3F-31C4-493A-8853-FDBE32097B7E}.Release|Any CPU.ActiveCfg = Release|Any CPU
		{8EBD2B3F-31C4-493A-8853-FDBE32097B7E}.Release|Any CPU.Build.0 = Release|Any CPU
		{8EBD2B3F-31C4-493A-8853-FDBE32097B7E}.Release|ARM.ActiveCfg = Release|ARM
		{8EBD2B3F-31C4-493A-8853-FDBE32097B7E}.Release|ARM.Build.0 = Release|ARM
		{8EBD2B3F-31C4-493A-8853-FDBE32097B7E}.Release|ARM64.ActiveCfg = Release|ARM64
		{8EBD2B3F-31C4-493A-8853-FDBE32097B7E}.Release|ARM64.Build.0 = Release|ARM64
		{8EBD2B3F-31C4-493A-8853-FDBE32097B7E}.Release|x64.ActiveCfg = Release|x64
		{8EBD2B3F-31C4-493A-8853-FDBE32097B7E}.Release|x64.Build.0 = Release|x64
		{8EBD2B3F-31C4-493A-8853-FDBE32097B7E}.Release|x86.ActiveCfg = Release|x86
		{8EBD2B3F-31C4-493A-8853-FDBE32097B7E}.Release|x86.Build.0 = Release|x86
		{F54C1E9A-2A8B-4B1A-B260-A72B055ED10F}.Debug|Any CPU.ActiveCfg = Debug|Any CPU
		{F54C1E9A-2A8B-4B1A-B260-A72B055ED10F}.Debug|Any CPU.Build.0 = Debug|Any CPU
		{F54C1E9A-2A8B-4B1A-B260-A72B055ED10F}.Debug|ARM.ActiveCfg = Debug|ARM
		{F54C1E9A-2A8B-4B1A-B260-A72B055ED10F}.Debug|ARM.Build.0 = Debug|ARM
		{F54C1E9A-2A8B-4B1A-B260-A72B055ED10F}.Debug|ARM64.ActiveCfg = Debug|ARM64
		{F54C1E9A-2A8B-4B1A-B260-A72B055ED10F}.Debug|ARM64.Build.0 = Debug|ARM64
		{F54C1E9A-2A8B-4B1A-B260-A72B055ED10F}.Debug|x64.ActiveCfg = Debug|x64
		{F54C1E9A-2A8B-4B1A-B260-A72B055ED10F}.Debug|x64.Build.0 = Debug|x64
		{F54C1E9A-2A8B-4B1A-B260-A72B055ED10F}.Debug|x86.ActiveCfg = Debug|x86
		{F54C1E9A-2A8B-4B1A-B260-A72B055ED10F}.Debug|x86.Build.0 = Debug|x86
		{F54C1E9A-2A8B-4B1A-B260-A72B055ED10F}.Release|Any CPU.ActiveCfg = Release|Any CPU
		{F54C1E9A-2A8B-4B1A-B260-A72B055ED10F}.Release|Any CPU.Build.0 = Release|Any CPU
		{F54C1E9A-2A8B-4B1A-B260-A72B055ED10F}.Release|ARM.ActiveCfg = Release|ARM
		{F54C1E9A-2A8B-4B1A-B260-A72B055ED10F}.Release|ARM.Build.0 = Release|ARM
		{F54C1E9A-2A8B-4B1A-B260-A72B055ED10F}.Release|ARM64.ActiveCfg = Release|ARM64
		{F54C1E9A-2A8B-4B1A-B260-A72B055ED10F}.Release|ARM64.Build.0 = Release|ARM64
		{F54C1E9A-2A8B-4B1A-B260-A72B055ED10F}.Release|x64.ActiveCfg = Release|x64
		{F54C1E9A-2A8B-4B1A-B260-A72B055ED10F}.Release|x64.Build.0 = Release|x64
		{F54C1E9A-2A8B-4B1A-B260-A72B055ED10F}.Release|x86.ActiveCfg = Release|x86
		{F54C1E9A-2A8B-4B1A-B260-A72B055ED10F}.Release|x86.Build.0 = Release|x86
		{7020F6C8-FC8B-42FE-BBC0-365580A6584C}.Debug|Any CPU.ActiveCfg = Debug|Any CPU
		{7020F6C8-FC8B-42FE-BBC0-365580A6584C}.Debug|Any CPU.Build.0 = Debug|Any CPU
		{7020F6C8-FC8B-42FE-BBC0-365580A6584C}.Debug|ARM.ActiveCfg = Debug|Any CPU
		{7020F6C8-FC8B-42FE-BBC0-365580A6584C}.Debug|ARM.Build.0 = Debug|Any CPU
		{7020F6C8-FC8B-42FE-BBC0-365580A6584C}.Debug|ARM64.ActiveCfg = Debug|Any CPU
		{7020F6C8-FC8B-42FE-BBC0-365580A6584C}.Debug|ARM64.Build.0 = Debug|Any CPU
		{7020F6C8-FC8B-42FE-BBC0-365580A6584C}.Debug|x64.ActiveCfg = Debug|Any CPU
		{7020F6C8-FC8B-42FE-BBC0-365580A6584C}.Debug|x64.Build.0 = Debug|Any CPU
		{7020F6C8-FC8B-42FE-BBC0-365580A6584C}.Debug|x86.ActiveCfg = Debug|Any CPU
		{7020F6C8-FC8B-42FE-BBC0-365580A6584C}.Debug|x86.Build.0 = Debug|Any CPU
		{7020F6C8-FC8B-42FE-BBC0-365580A6584C}.Release|Any CPU.ActiveCfg = Release|Any CPU
		{7020F6C8-FC8B-42FE-BBC0-365580A6584C}.Release|Any CPU.Build.0 = Release|Any CPU
		{7020F6C8-FC8B-42FE-BBC0-365580A6584C}.Release|ARM.ActiveCfg = Release|Any CPU
		{7020F6C8-FC8B-42FE-BBC0-365580A6584C}.Release|ARM.Build.0 = Release|Any CPU
		{7020F6C8-FC8B-42FE-BBC0-365580A6584C}.Release|ARM64.ActiveCfg = Release|Any CPU
		{7020F6C8-FC8B-42FE-BBC0-365580A6584C}.Release|ARM64.Build.0 = Release|Any CPU
		{7020F6C8-FC8B-42FE-BBC0-365580A6584C}.Release|x64.ActiveCfg = Release|Any CPU
		{7020F6C8-FC8B-42FE-BBC0-365580A6584C}.Release|x64.Build.0 = Release|Any CPU
		{7020F6C8-FC8B-42FE-BBC0-365580A6584C}.Release|x86.ActiveCfg = Release|Any CPU
		{7020F6C8-FC8B-42FE-BBC0-365580A6584C}.Release|x86.Build.0 = Release|Any CPU
		{464E542C-2E57-46BB-8BEC-4A77E0228A17}.Debug|Any CPU.ActiveCfg = Debug|Any CPU
		{464E542C-2E57-46BB-8BEC-4A77E0228A17}.Debug|Any CPU.Build.0 = Debug|Any CPU
		{464E542C-2E57-46BB-8BEC-4A77E0228A17}.Debug|ARM.ActiveCfg = Debug|Any CPU
		{464E542C-2E57-46BB-8BEC-4A77E0228A17}.Debug|ARM.Build.0 = Debug|Any CPU
		{464E542C-2E57-46BB-8BEC-4A77E0228A17}.Debug|ARM64.ActiveCfg = Debug|Any CPU
		{464E542C-2E57-46BB-8BEC-4A77E0228A17}.Debug|ARM64.Build.0 = Debug|Any CPU
		{464E542C-2E57-46BB-8BEC-4A77E0228A17}.Debug|x64.ActiveCfg = Debug|Any CPU
		{464E542C-2E57-46BB-8BEC-4A77E0228A17}.Debug|x64.Build.0 = Debug|Any CPU
		{464E542C-2E57-46BB-8BEC-4A77E0228A17}.Debug|x86.ActiveCfg = Debug|Any CPU
		{464E542C-2E57-46BB-8BEC-4A77E0228A17}.Debug|x86.Build.0 = Debug|Any CPU
		{464E542C-2E57-46BB-8BEC-4A77E0228A17}.Release|Any CPU.ActiveCfg = Release|Any CPU
		{464E542C-2E57-46BB-8BEC-4A77E0228A17}.Release|Any CPU.Build.0 = Release|Any CPU
		{464E542C-2E57-46BB-8BEC-4A77E0228A17}.Release|ARM.ActiveCfg = Release|Any CPU
		{464E542C-2E57-46BB-8BEC-4A77E0228A17}.Release|ARM.Build.0 = Release|Any CPU
		{464E542C-2E57-46BB-8BEC-4A77E0228A17}.Release|ARM64.ActiveCfg = Release|Any CPU
		{464E542C-2E57-46BB-8BEC-4A77E0228A17}.Release|ARM64.Build.0 = Release|Any CPU
		{464E542C-2E57-46BB-8BEC-4A77E0228A17}.Release|x64.ActiveCfg = Release|Any CPU
		{464E542C-2E57-46BB-8BEC-4A77E0228A17}.Release|x64.Build.0 = Release|Any CPU
		{464E542C-2E57-46BB-8BEC-4A77E0228A17}.Release|x86.ActiveCfg = Release|Any CPU
		{464E542C-2E57-46BB-8BEC-4A77E0228A17}.Release|x86.Build.0 = Release|Any CPU
		{C3E27D93-4CCE-4EC3-8935-9AED651B233E}.Debug|Any CPU.ActiveCfg = Debug|Any CPU
		{C3E27D93-4CCE-4EC3-8935-9AED651B233E}.Debug|Any CPU.Build.0 = Debug|Any CPU
		{C3E27D93-4CCE-4EC3-8935-9AED651B233E}.Debug|ARM.ActiveCfg = Debug|Any CPU
		{C3E27D93-4CCE-4EC3-8935-9AED651B233E}.Debug|ARM.Build.0 = Debug|Any CPU
		{C3E27D93-4CCE-4EC3-8935-9AED651B233E}.Debug|ARM64.ActiveCfg = Debug|Any CPU
		{C3E27D93-4CCE-4EC3-8935-9AED651B233E}.Debug|ARM64.Build.0 = Debug|Any CPU
		{C3E27D93-4CCE-4EC3-8935-9AED651B233E}.Debug|x64.ActiveCfg = Debug|Any CPU
		{C3E27D93-4CCE-4EC3-8935-9AED651B233E}.Debug|x64.Build.0 = Debug|Any CPU
		{C3E27D93-4CCE-4EC3-8935-9AED651B233E}.Debug|x86.ActiveCfg = Debug|Any CPU
		{C3E27D93-4CCE-4EC3-8935-9AED651B233E}.Debug|x86.Build.0 = Debug|Any CPU
		{C3E27D93-4CCE-4EC3-8935-9AED651B233E}.Release|Any CPU.ActiveCfg = Release|Any CPU
		{C3E27D93-4CCE-4EC3-8935-9AED651B233E}.Release|Any CPU.Build.0 = Release|Any CPU
		{C3E27D93-4CCE-4EC3-8935-9AED651B233E}.Release|ARM.ActiveCfg = Release|Any CPU
		{C3E27D93-4CCE-4EC3-8935-9AED651B233E}.Release|ARM.Build.0 = Release|Any CPU
		{C3E27D93-4CCE-4EC3-8935-9AED651B233E}.Release|ARM64.ActiveCfg = Release|Any CPU
		{C3E27D93-4CCE-4EC3-8935-9AED651B233E}.Release|ARM64.Build.0 = Release|Any CPU
		{C3E27D93-4CCE-4EC3-8935-9AED651B233E}.Release|x64.ActiveCfg = Release|Any CPU
		{C3E27D93-4CCE-4EC3-8935-9AED651B233E}.Release|x64.Build.0 = Release|Any CPU
		{C3E27D93-4CCE-4EC3-8935-9AED651B233E}.Release|x86.ActiveCfg = Release|Any CPU
		{C3E27D93-4CCE-4EC3-8935-9AED651B233E}.Release|x86.Build.0 = Release|Any CPU
		{6B098DD6-800B-42DF-9309-DB29C64DDD29}.Debug|Any CPU.ActiveCfg = Debug|Any CPU
		{6B098DD6-800B-42DF-9309-DB29C64DDD29}.Debug|Any CPU.Build.0 = Debug|Any CPU
		{6B098DD6-800B-42DF-9309-DB29C64DDD29}.Debug|ARM.ActiveCfg = Debug|Any CPU
		{6B098DD6-800B-42DF-9309-DB29C64DDD29}.Debug|ARM.Build.0 = Debug|Any CPU
		{6B098DD6-800B-42DF-9309-DB29C64DDD29}.Debug|ARM64.ActiveCfg = Debug|Any CPU
		{6B098DD6-800B-42DF-9309-DB29C64DDD29}.Debug|ARM64.Build.0 = Debug|Any CPU
		{6B098DD6-800B-42DF-9309-DB29C64DDD29}.Debug|x64.ActiveCfg = Debug|Any CPU
		{6B098DD6-800B-42DF-9309-DB29C64DDD29}.Debug|x64.Build.0 = Debug|Any CPU
		{6B098DD6-800B-42DF-9309-DB29C64DDD29}.Debug|x86.ActiveCfg = Debug|Any CPU
		{6B098DD6-800B-42DF-9309-DB29C64DDD29}.Debug|x86.Build.0 = Debug|Any CPU
		{6B098DD6-800B-42DF-9309-DB29C64DDD29}.Release|Any CPU.ActiveCfg = Release|Any CPU
		{6B098DD6-800B-42DF-9309-DB29C64DDD29}.Release|Any CPU.Build.0 = Release|Any CPU
		{6B098DD6-800B-42DF-9309-DB29C64DDD29}.Release|ARM.ActiveCfg = Release|Any CPU
		{6B098DD6-800B-42DF-9309-DB29C64DDD29}.Release|ARM.Build.0 = Release|Any CPU
		{6B098DD6-800B-42DF-9309-DB29C64DDD29}.Release|ARM64.ActiveCfg = Release|Any CPU
		{6B098DD6-800B-42DF-9309-DB29C64DDD29}.Release|ARM64.Build.0 = Release|Any CPU
		{6B098DD6-800B-42DF-9309-DB29C64DDD29}.Release|x64.ActiveCfg = Release|Any CPU
		{6B098DD6-800B-42DF-9309-DB29C64DDD29}.Release|x64.Build.0 = Release|Any CPU
		{6B098DD6-800B-42DF-9309-DB29C64DDD29}.Release|x86.ActiveCfg = Release|Any CPU
		{6B098DD6-800B-42DF-9309-DB29C64DDD29}.Release|x86.Build.0 = Release|Any CPU
		{5E74B6C3-20F3-4ED8-A1E5-98325B77A515}.Debug|Any CPU.ActiveCfg = Debug|Any CPU
		{5E74B6C3-20F3-4ED8-A1E5-98325B77A515}.Debug|Any CPU.Build.0 = Debug|Any CPU
		{5E74B6C3-20F3-4ED8-A1E5-98325B77A515}.Debug|ARM.ActiveCfg = Debug|Any CPU
		{5E74B6C3-20F3-4ED8-A1E5-98325B77A515}.Debug|ARM.Build.0 = Debug|Any CPU
		{5E74B6C3-20F3-4ED8-A1E5-98325B77A515}.Debug|ARM64.ActiveCfg = Debug|Any CPU
		{5E74B6C3-20F3-4ED8-A1E5-98325B77A515}.Debug|ARM64.Build.0 = Debug|Any CPU
		{5E74B6C3-20F3-4ED8-A1E5-98325B77A515}.Debug|x64.ActiveCfg = Debug|Any CPU
		{5E74B6C3-20F3-4ED8-A1E5-98325B77A515}.Debug|x64.Build.0 = Debug|Any CPU
		{5E74B6C3-20F3-4ED8-A1E5-98325B77A515}.Debug|x86.ActiveCfg = Debug|Any CPU
		{5E74B6C3-20F3-4ED8-A1E5-98325B77A515}.Debug|x86.Build.0 = Debug|Any CPU
		{5E74B6C3-20F3-4ED8-A1E5-98325B77A515}.Release|Any CPU.ActiveCfg = Release|Any CPU
		{5E74B6C3-20F3-4ED8-A1E5-98325B77A515}.Release|Any CPU.Build.0 = Release|Any CPU
		{5E74B6C3-20F3-4ED8-A1E5-98325B77A515}.Release|ARM.ActiveCfg = Release|Any CPU
		{5E74B6C3-20F3-4ED8-A1E5-98325B77A515}.Release|ARM.Build.0 = Release|Any CPU
		{5E74B6C3-20F3-4ED8-A1E5-98325B77A515}.Release|ARM64.ActiveCfg = Release|Any CPU
		{5E74B6C3-20F3-4ED8-A1E5-98325B77A515}.Release|ARM64.Build.0 = Release|Any CPU
		{5E74B6C3-20F3-4ED8-A1E5-98325B77A515}.Release|x64.ActiveCfg = Release|Any CPU
		{5E74B6C3-20F3-4ED8-A1E5-98325B77A515}.Release|x64.Build.0 = Release|Any CPU
		{5E74B6C3-20F3-4ED8-A1E5-98325B77A515}.Release|x86.ActiveCfg = Release|Any CPU
		{5E74B6C3-20F3-4ED8-A1E5-98325B77A515}.Release|x86.Build.0 = Release|Any CPU
		{43C8BFCA-DB35-41F6-8602-A3E99BDD8EC6}.Debug|Any CPU.ActiveCfg = Debug|Any CPU
		{43C8BFCA-DB35-41F6-8602-A3E99BDD8EC6}.Debug|Any CPU.Build.0 = Debug|Any CPU
		{43C8BFCA-DB35-41F6-8602-A3E99BDD8EC6}.Debug|ARM.ActiveCfg = Debug|Any CPU
		{43C8BFCA-DB35-41F6-8602-A3E99BDD8EC6}.Debug|ARM.Build.0 = Debug|Any CPU
		{43C8BFCA-DB35-41F6-8602-A3E99BDD8EC6}.Debug|ARM64.ActiveCfg = Debug|Any CPU
		{43C8BFCA-DB35-41F6-8602-A3E99BDD8EC6}.Debug|ARM64.Build.0 = Debug|Any CPU
		{43C8BFCA-DB35-41F6-8602-A3E99BDD8EC6}.Debug|x64.ActiveCfg = Debug|Any CPU
		{43C8BFCA-DB35-41F6-8602-A3E99BDD8EC6}.Debug|x64.Build.0 = Debug|Any CPU
		{43C8BFCA-DB35-41F6-8602-A3E99BDD8EC6}.Debug|x86.ActiveCfg = Debug|Any CPU
		{43C8BFCA-DB35-41F6-8602-A3E99BDD8EC6}.Debug|x86.Build.0 = Debug|Any CPU
		{43C8BFCA-DB35-41F6-8602-A3E99BDD8EC6}.Release|Any CPU.ActiveCfg = Release|Any CPU
		{43C8BFCA-DB35-41F6-8602-A3E99BDD8EC6}.Release|Any CPU.Build.0 = Release|Any CPU
		{43C8BFCA-DB35-41F6-8602-A3E99BDD8EC6}.Release|ARM.ActiveCfg = Release|Any CPU
		{43C8BFCA-DB35-41F6-8602-A3E99BDD8EC6}.Release|ARM.Build.0 = Release|Any CPU
		{43C8BFCA-DB35-41F6-8602-A3E99BDD8EC6}.Release|ARM64.ActiveCfg = Release|Any CPU
		{43C8BFCA-DB35-41F6-8602-A3E99BDD8EC6}.Release|ARM64.Build.0 = Release|Any CPU
		{43C8BFCA-DB35-41F6-8602-A3E99BDD8EC6}.Release|x64.ActiveCfg = Release|Any CPU
		{43C8BFCA-DB35-41F6-8602-A3E99BDD8EC6}.Release|x64.Build.0 = Release|Any CPU
		{43C8BFCA-DB35-41F6-8602-A3E99BDD8EC6}.Release|x86.ActiveCfg = Release|Any CPU
		{43C8BFCA-DB35-41F6-8602-A3E99BDD8EC6}.Release|x86.Build.0 = Release|Any CPU
		{775242B5-1184-4D4C-99B6-96AD29E11C44}.Debug|Any CPU.ActiveCfg = Debug|Any CPU
		{775242B5-1184-4D4C-99B6-96AD29E11C44}.Debug|Any CPU.Build.0 = Debug|Any CPU
		{775242B5-1184-4D4C-99B6-96AD29E11C44}.Debug|ARM.ActiveCfg = Debug|Any CPU
		{775242B5-1184-4D4C-99B6-96AD29E11C44}.Debug|ARM.Build.0 = Debug|Any CPU
		{775242B5-1184-4D4C-99B6-96AD29E11C44}.Debug|ARM64.ActiveCfg = Debug|Any CPU
		{775242B5-1184-4D4C-99B6-96AD29E11C44}.Debug|ARM64.Build.0 = Debug|Any CPU
		{775242B5-1184-4D4C-99B6-96AD29E11C44}.Debug|x64.ActiveCfg = Debug|Any CPU
		{775242B5-1184-4D4C-99B6-96AD29E11C44}.Debug|x64.Build.0 = Debug|Any CPU
		{775242B5-1184-4D4C-99B6-96AD29E11C44}.Debug|x86.ActiveCfg = Debug|Any CPU
		{775242B5-1184-4D4C-99B6-96AD29E11C44}.Debug|x86.Build.0 = Debug|Any CPU
		{775242B5-1184-4D4C-99B6-96AD29E11C44}.Release|Any CPU.ActiveCfg = Release|Any CPU
		{775242B5-1184-4D4C-99B6-96AD29E11C44}.Release|Any CPU.Build.0 = Release|Any CPU
		{775242B5-1184-4D4C-99B6-96AD29E11C44}.Release|ARM.ActiveCfg = Release|Any CPU
		{775242B5-1184-4D4C-99B6-96AD29E11C44}.Release|ARM.Build.0 = Release|Any CPU
		{775242B5-1184-4D4C-99B6-96AD29E11C44}.Release|ARM64.ActiveCfg = Release|Any CPU
		{775242B5-1184-4D4C-99B6-96AD29E11C44}.Release|ARM64.Build.0 = Release|Any CPU
		{775242B5-1184-4D4C-99B6-96AD29E11C44}.Release|x64.ActiveCfg = Release|Any CPU
		{775242B5-1184-4D4C-99B6-96AD29E11C44}.Release|x64.Build.0 = Release|Any CPU
		{775242B5-1184-4D4C-99B6-96AD29E11C44}.Release|x86.ActiveCfg = Release|Any CPU
		{775242B5-1184-4D4C-99B6-96AD29E11C44}.Release|x86.Build.0 = Release|Any CPU
		{D141A8D4-61E6-4080-B7AF-D56ACCA26F5D}.Debug|Any CPU.ActiveCfg = Debug|Any CPU
		{D141A8D4-61E6-4080-B7AF-D56ACCA26F5D}.Debug|Any CPU.Build.0 = Debug|Any CPU
		{D141A8D4-61E6-4080-B7AF-D56ACCA26F5D}.Debug|ARM.ActiveCfg = Debug|Any CPU
		{D141A8D4-61E6-4080-B7AF-D56ACCA26F5D}.Debug|ARM.Build.0 = Debug|Any CPU
		{D141A8D4-61E6-4080-B7AF-D56ACCA26F5D}.Debug|ARM64.ActiveCfg = Debug|Any CPU
		{D141A8D4-61E6-4080-B7AF-D56ACCA26F5D}.Debug|ARM64.Build.0 = Debug|Any CPU
		{D141A8D4-61E6-4080-B7AF-D56ACCA26F5D}.Debug|x64.ActiveCfg = Debug|Any CPU
		{D141A8D4-61E6-4080-B7AF-D56ACCA26F5D}.Debug|x64.Build.0 = Debug|Any CPU
		{D141A8D4-61E6-4080-B7AF-D56ACCA26F5D}.Debug|x86.ActiveCfg = Debug|Any CPU
		{D141A8D4-61E6-4080-B7AF-D56ACCA26F5D}.Debug|x86.Build.0 = Debug|Any CPU
		{D141A8D4-61E6-4080-B7AF-D56ACCA26F5D}.Release|Any CPU.ActiveCfg = Release|Any CPU
		{D141A8D4-61E6-4080-B7AF-D56ACCA26F5D}.Release|Any CPU.Build.0 = Release|Any CPU
		{D141A8D4-61E6-4080-B7AF-D56ACCA26F5D}.Release|ARM.ActiveCfg = Release|Any CPU
		{D141A8D4-61E6-4080-B7AF-D56ACCA26F5D}.Release|ARM.Build.0 = Release|Any CPU
		{D141A8D4-61E6-4080-B7AF-D56ACCA26F5D}.Release|ARM64.ActiveCfg = Release|Any CPU
		{D141A8D4-61E6-4080-B7AF-D56ACCA26F5D}.Release|ARM64.Build.0 = Release|Any CPU
		{D141A8D4-61E6-4080-B7AF-D56ACCA26F5D}.Release|x64.ActiveCfg = Release|Any CPU
		{D141A8D4-61E6-4080-B7AF-D56ACCA26F5D}.Release|x64.Build.0 = Release|Any CPU
		{D141A8D4-61E6-4080-B7AF-D56ACCA26F5D}.Release|x86.ActiveCfg = Release|Any CPU
		{D141A8D4-61E6-4080-B7AF-D56ACCA26F5D}.Release|x86.Build.0 = Release|Any CPU
		{6A920E9F-BC98-4EAA-AA9B-2C9FA82443E9}.Debug|Any CPU.ActiveCfg = Debug|Any CPU
		{6A920E9F-BC98-4EAA-AA9B-2C9FA82443E9}.Debug|Any CPU.Build.0 = Debug|Any CPU
		{6A920E9F-BC98-4EAA-AA9B-2C9FA82443E9}.Debug|ARM.ActiveCfg = Debug|Any CPU
		{6A920E9F-BC98-4EAA-AA9B-2C9FA82443E9}.Debug|ARM.Build.0 = Debug|Any CPU
		{6A920E9F-BC98-4EAA-AA9B-2C9FA82443E9}.Debug|ARM64.ActiveCfg = Debug|Any CPU
		{6A920E9F-BC98-4EAA-AA9B-2C9FA82443E9}.Debug|ARM64.Build.0 = Debug|Any CPU
		{6A920E9F-BC98-4EAA-AA9B-2C9FA82443E9}.Debug|x64.ActiveCfg = Debug|Any CPU
		{6A920E9F-BC98-4EAA-AA9B-2C9FA82443E9}.Debug|x64.Build.0 = Debug|Any CPU
		{6A920E9F-BC98-4EAA-AA9B-2C9FA82443E9}.Debug|x86.ActiveCfg = Debug|Any CPU
		{6A920E9F-BC98-4EAA-AA9B-2C9FA82443E9}.Debug|x86.Build.0 = Debug|Any CPU
		{6A920E9F-BC98-4EAA-AA9B-2C9FA82443E9}.Release|Any CPU.ActiveCfg = Release|Any CPU
		{6A920E9F-BC98-4EAA-AA9B-2C9FA82443E9}.Release|Any CPU.Build.0 = Release|Any CPU
		{6A920E9F-BC98-4EAA-AA9B-2C9FA82443E9}.Release|ARM.ActiveCfg = Release|Any CPU
		{6A920E9F-BC98-4EAA-AA9B-2C9FA82443E9}.Release|ARM.Build.0 = Release|Any CPU
		{6A920E9F-BC98-4EAA-AA9B-2C9FA82443E9}.Release|ARM64.ActiveCfg = Release|Any CPU
		{6A920E9F-BC98-4EAA-AA9B-2C9FA82443E9}.Release|ARM64.Build.0 = Release|Any CPU
		{6A920E9F-BC98-4EAA-AA9B-2C9FA82443E9}.Release|x64.ActiveCfg = Release|Any CPU
		{6A920E9F-BC98-4EAA-AA9B-2C9FA82443E9}.Release|x64.Build.0 = Release|Any CPU
		{6A920E9F-BC98-4EAA-AA9B-2C9FA82443E9}.Release|x86.ActiveCfg = Release|Any CPU
		{6A920E9F-BC98-4EAA-AA9B-2C9FA82443E9}.Release|x86.Build.0 = Release|Any CPU
		{0BAE9C75-B86F-4976-B24D-7A4B54853342}.Debug|Any CPU.ActiveCfg = Debug|Any CPU
		{0BAE9C75-B86F-4976-B24D-7A4B54853342}.Debug|Any CPU.Build.0 = Debug|Any CPU
		{0BAE9C75-B86F-4976-B24D-7A4B54853342}.Debug|ARM.ActiveCfg = Debug|Any CPU
		{0BAE9C75-B86F-4976-B24D-7A4B54853342}.Debug|ARM.Build.0 = Debug|Any CPU
		{0BAE9C75-B86F-4976-B24D-7A4B54853342}.Debug|ARM64.ActiveCfg = Debug|Any CPU
		{0BAE9C75-B86F-4976-B24D-7A4B54853342}.Debug|ARM64.Build.0 = Debug|Any CPU
		{0BAE9C75-B86F-4976-B24D-7A4B54853342}.Debug|x64.ActiveCfg = Debug|Any CPU
		{0BAE9C75-B86F-4976-B24D-7A4B54853342}.Debug|x64.Build.0 = Debug|Any CPU
		{0BAE9C75-B86F-4976-B24D-7A4B54853342}.Debug|x86.ActiveCfg = Debug|Any CPU
		{0BAE9C75-B86F-4976-B24D-7A4B54853342}.Debug|x86.Build.0 = Debug|Any CPU
		{0BAE9C75-B86F-4976-B24D-7A4B54853342}.Release|Any CPU.ActiveCfg = Release|Any CPU
		{0BAE9C75-B86F-4976-B24D-7A4B54853342}.Release|Any CPU.Build.0 = Release|Any CPU
		{0BAE9C75-B86F-4976-B24D-7A4B54853342}.Release|ARM.ActiveCfg = Release|Any CPU
		{0BAE9C75-B86F-4976-B24D-7A4B54853342}.Release|ARM.Build.0 = Release|Any CPU
		{0BAE9C75-B86F-4976-B24D-7A4B54853342}.Release|ARM64.ActiveCfg = Release|Any CPU
		{0BAE9C75-B86F-4976-B24D-7A4B54853342}.Release|ARM64.Build.0 = Release|Any CPU
		{0BAE9C75-B86F-4976-B24D-7A4B54853342}.Release|x64.ActiveCfg = Release|Any CPU
		{0BAE9C75-B86F-4976-B24D-7A4B54853342}.Release|x64.Build.0 = Release|Any CPU
		{0BAE9C75-B86F-4976-B24D-7A4B54853342}.Release|x86.ActiveCfg = Release|Any CPU
		{0BAE9C75-B86F-4976-B24D-7A4B54853342}.Release|x86.Build.0 = Release|Any CPU
		{67CB3F20-E40A-41F8-B159-A8857A7DC409}.Debug|Any CPU.ActiveCfg = Debug|Any CPU
		{67CB3F20-E40A-41F8-B159-A8857A7DC409}.Debug|Any CPU.Build.0 = Debug|Any CPU
		{67CB3F20-E40A-41F8-B159-A8857A7DC409}.Debug|ARM.ActiveCfg = Debug|Any CPU
		{67CB3F20-E40A-41F8-B159-A8857A7DC409}.Debug|ARM.Build.0 = Debug|Any CPU
		{67CB3F20-E40A-41F8-B159-A8857A7DC409}.Debug|ARM64.ActiveCfg = Debug|Any CPU
		{67CB3F20-E40A-41F8-B159-A8857A7DC409}.Debug|ARM64.Build.0 = Debug|Any CPU
		{67CB3F20-E40A-41F8-B159-A8857A7DC409}.Debug|x64.ActiveCfg = Debug|Any CPU
		{67CB3F20-E40A-41F8-B159-A8857A7DC409}.Debug|x64.Build.0 = Debug|Any CPU
		{67CB3F20-E40A-41F8-B159-A8857A7DC409}.Debug|x86.ActiveCfg = Debug|Any CPU
		{67CB3F20-E40A-41F8-B159-A8857A7DC409}.Debug|x86.Build.0 = Debug|Any CPU
		{67CB3F20-E40A-41F8-B159-A8857A7DC409}.Release|Any CPU.ActiveCfg = Release|Any CPU
		{67CB3F20-E40A-41F8-B159-A8857A7DC409}.Release|Any CPU.Build.0 = Release|Any CPU
		{67CB3F20-E40A-41F8-B159-A8857A7DC409}.Release|ARM.ActiveCfg = Release|Any CPU
		{67CB3F20-E40A-41F8-B159-A8857A7DC409}.Release|ARM.Build.0 = Release|Any CPU
		{67CB3F20-E40A-41F8-B159-A8857A7DC409}.Release|ARM64.ActiveCfg = Release|Any CPU
		{67CB3F20-E40A-41F8-B159-A8857A7DC409}.Release|ARM64.Build.0 = Release|Any CPU
		{67CB3F20-E40A-41F8-B159-A8857A7DC409}.Release|x64.ActiveCfg = Release|Any CPU
		{67CB3F20-E40A-41F8-B159-A8857A7DC409}.Release|x64.Build.0 = Release|Any CPU
		{67CB3F20-E40A-41F8-B159-A8857A7DC409}.Release|x86.ActiveCfg = Release|Any CPU
		{67CB3F20-E40A-41F8-B159-A8857A7DC409}.Release|x86.Build.0 = Release|Any CPU
		{B601B162-CDCD-492A-A8CF-747E0D3F6F83}.Debug|Any CPU.ActiveCfg = Debug|Any CPU
		{B601B162-CDCD-492A-A8CF-747E0D3F6F83}.Debug|Any CPU.Build.0 = Debug|Any CPU
		{B601B162-CDCD-492A-A8CF-747E0D3F6F83}.Debug|ARM.ActiveCfg = Debug|Any CPU
		{B601B162-CDCD-492A-A8CF-747E0D3F6F83}.Debug|ARM.Build.0 = Debug|Any CPU
		{B601B162-CDCD-492A-A8CF-747E0D3F6F83}.Debug|ARM64.ActiveCfg = Debug|Any CPU
		{B601B162-CDCD-492A-A8CF-747E0D3F6F83}.Debug|ARM64.Build.0 = Debug|Any CPU
		{B601B162-CDCD-492A-A8CF-747E0D3F6F83}.Debug|x64.ActiveCfg = Debug|Any CPU
		{B601B162-CDCD-492A-A8CF-747E0D3F6F83}.Debug|x64.Build.0 = Debug|Any CPU
		{B601B162-CDCD-492A-A8CF-747E0D3F6F83}.Debug|x86.ActiveCfg = Debug|Any CPU
		{B601B162-CDCD-492A-A8CF-747E0D3F6F83}.Debug|x86.Build.0 = Debug|Any CPU
		{B601B162-CDCD-492A-A8CF-747E0D3F6F83}.Release|Any CPU.ActiveCfg = Release|Any CPU
		{B601B162-CDCD-492A-A8CF-747E0D3F6F83}.Release|Any CPU.Build.0 = Release|Any CPU
		{B601B162-CDCD-492A-A8CF-747E0D3F6F83}.Release|ARM.ActiveCfg = Release|Any CPU
		{B601B162-CDCD-492A-A8CF-747E0D3F6F83}.Release|ARM.Build.0 = Release|Any CPU
		{B601B162-CDCD-492A-A8CF-747E0D3F6F83}.Release|ARM64.ActiveCfg = Release|Any CPU
		{B601B162-CDCD-492A-A8CF-747E0D3F6F83}.Release|ARM64.Build.0 = Release|Any CPU
		{B601B162-CDCD-492A-A8CF-747E0D3F6F83}.Release|x64.ActiveCfg = Release|Any CPU
		{B601B162-CDCD-492A-A8CF-747E0D3F6F83}.Release|x64.Build.0 = Release|Any CPU
		{B601B162-CDCD-492A-A8CF-747E0D3F6F83}.Release|x86.ActiveCfg = Release|Any CPU
		{B601B162-CDCD-492A-A8CF-747E0D3F6F83}.Release|x86.Build.0 = Release|Any CPU
	EndGlobalSection
	GlobalSection(SolutionProperties) = preSolution
		HideSolutionNode = FALSE
	EndGlobalSection
	GlobalSection(NestedProjects) = preSolution
		{34CD2A97-E3CE-4606-9B64-E5B3A42E108A} = {26CB0999-BDB7-470B-A466-743E180E9EC8}
		{24BB6CC7-870A-4A61-BAC0-E22BF57CE5F4} = {162FE1A9-890A-4101-AFF8-54F6B1483882}
		{4291EF28-C146-4772-8598-982645C9FF9A} = {26CB0999-BDB7-470B-A466-743E180E9EC8}
		{10CCCD4A-4B25-4EE3-BCC4-1297769890DE} = {26CB0999-BDB7-470B-A466-743E180E9EC8}
		{F74C9D30-95F1-4A07-BA85-F5DA26824B40} = {335D091D-458E-41C2-A2BB-9F8216A8FA6B}
		{11385F97-61D8-47EF-A068-3A130232F6B6} = {CE03294E-582F-47C6-BAD4-BBFA970FF25D}
		{B8CE22ED-2AD7-4FB2-8B72-88F345E29B86} = {24BB6CC7-870A-4A61-BAC0-E22BF57CE5F4}
		{8EBD2B3F-31C4-493A-8853-FDBE32097B7E} = {CE03294E-582F-47C6-BAD4-BBFA970FF25D}
		{0D26E90F-2CF6-4BA5-B235-72E646A3FF48} = {24BB6CC7-870A-4A61-BAC0-E22BF57CE5F4}
		{01E07853-2229-48F3-A66C-A0A1120E3242} = {24BB6CC7-870A-4A61-BAC0-E22BF57CE5F4}
		{F54C1E9A-2A8B-4B1A-B260-A72B055ED10F} = {CE03294E-582F-47C6-BAD4-BBFA970FF25D}
		{7020F6C8-FC8B-42FE-BBC0-365580A6584C} = {335D091D-458E-41C2-A2BB-9F8216A8FA6B}
		{1FAD29D8-1E0C-4A12-B091-205EAB78C214} = {162FE1A9-890A-4101-AFF8-54F6B1483882}
		{715DF7A3-E1E7-4077-A53D-6F76D6C6F1F4} = {162FE1A9-890A-4101-AFF8-54F6B1483882}
		{464E542C-2E57-46BB-8BEC-4A77E0228A17} = {1FAD29D8-1E0C-4A12-B091-205EAB78C214}
		{C3E27D93-4CCE-4EC3-8935-9AED651B233E} = {1FAD29D8-1E0C-4A12-B091-205EAB78C214}
		{113C95B3-1CBB-4B02-8BFE-8A623AD67F84} = {24BB6CC7-870A-4A61-BAC0-E22BF57CE5F4}
		{6B098DD6-800B-42DF-9309-DB29C64DDD29} = {1FAD29D8-1E0C-4A12-B091-205EAB78C214}
		{5E74B6C3-20F3-4ED8-A1E5-98325B77A515} = {1FAD29D8-1E0C-4A12-B091-205EAB78C214}
		{43C8BFCA-DB35-41F6-8602-A3E99BDD8EC6} = {1FAD29D8-1E0C-4A12-B091-205EAB78C214}
		{775242B5-1184-4D4C-99B6-96AD29E11C44} = {26CB0999-BDB7-470B-A466-743E180E9EC8}
		{D141A8D4-61E6-4080-B7AF-D56ACCA26F5D} = {1FAD29D8-1E0C-4A12-B091-205EAB78C214}
		{335D091D-458E-41C2-A2BB-9F8216A8FA6B} = {1FAD29D8-1E0C-4A12-B091-205EAB78C214}
		{CE03294E-582F-47C6-BAD4-BBFA970FF25D} = {715DF7A3-E1E7-4077-A53D-6F76D6C6F1F4}
		{6A920E9F-BC98-4EAA-AA9B-2C9FA82443E9} = {1FAD29D8-1E0C-4A12-B091-205EAB78C214}
		{B601B162-CDCD-492A-A8CF-747E0D3F6F83} = {335D091D-458E-41C2-A2BB-9F8216A8FA6B}
	EndGlobalSection
	GlobalSection(ExtensibilityGlobals) = postSolution
		SolutionGuid = {FEE89471-4FE8-4620-991F-4EBAD0F4CFEA}
	EndGlobalSection
EndGlobal
